<?xml version="1.0" encoding="utf-8"?>
<Project ToolsVersion="4.0" xmlns="http://schemas.microsoft.com/developer/msbuild/2003">
  <ItemGroup>
    <ClCompile Include="..\libraries\agg\src\ctrl\agg_rbox_ctrl.cpp">
      <Filter>agg</Filter>
    </ClCompile>
    <ClCompile Include="..\libraries\agg\src\ctrl\agg_slider_ctrl.cpp">
      <Filter>agg</Filter>
    </ClCompile>
    <ClCompile Include="..\libraries\agg\src\agg_vcgen_contour.cpp">
      <Filter>agg</Filter>
    </ClCompile>
    <ClCompile Include="..\libraries\agg\src\ctrl\agg_cbox_ctrl.cpp">
      <Filter>agg</Filter>
    </ClCompile>
    <ClCompile Include="..\libraries\agg\src\platform\win32\agg_platform_support.cpp">
      <Filter>agg</Filter>
    </ClCompile>
    <ClCompile Include="..\libraries\agg\src\platform\win32\agg_win32_bmp.cpp">
      <Filter>agg</Filter>
    </ClCompile>
    <ClCompile Include="..\libraries\agg\src\agg_gsv_text.cpp">
      <Filter>agg</Filter>
    </ClCompile>
    <ClCompile Include="..\libraries\agg\src\agg_trans_affine.cpp">
      <Filter>agg</Filter>
    </ClCompile>
    <ClCompile Include="..\libraries\agg\src\agg_vcgen_stroke.cpp">
      <Filter>agg</Filter>
    </ClCompile>
    <ClCompile Include="..\libraries\agg\src\agg_curves.cpp">
      <Filter>agg</Filter>
    </ClCompile>
    <ClCompile Include="agg_font_win32_tt.cpp" />
    <ClCompile Include="truetype_lcd.cpp" />
    <ClCompile Include="..\libraries\aggx\rasterizer.cpp">
      <Filter>aggx</Filter>
    </ClCompile>
    <ClCompile Include="..\libraries\aggx\rasterizer_cells.cpp">
      <Filter>aggx</Filter>
    </ClCompile>
  </ItemGroup>
  <ItemGroup>
    <ClInclude Include="pixmap.h" />
    <ClInclude Include="renderer.h" />
    <ClInclude Include="scanline.h" />
    <ClInclude Include="agg_font_win32_tt.h" />
    <ClInclude Include="..\libraries\aggx\rasterizer.h">
      <Filter>aggx</Filter>
    </ClInclude>
    <ClInclude Include="..\libraries\aggx\rasterizer_cells.h">
      <Filter>aggx</Filter>
    </ClInclude>
  </ItemGroup>
  <ItemGroup>
    <Filter Include="agg">
      <UniqueIdentifier>{6dcfd9da-1aff-4a74-a9bb-6bd0310f64dc}</UniqueIdentifier>
    </Filter>
    <Filter Include="aggx">
      <UniqueIdentifier>{055f188b-121b-4156-97e9-49246a9193c4}</UniqueIdentifier>
    </Filter>
  </ItemGroup>
</Project>