<?xml version="1.0" encoding="utf-8"?>
<Project ToolsVersion="4.0" xmlns="http://schemas.microsoft.com/developer/msbuild/2003">
  <ItemGroup>
    <ClCompile Include="main.cpp" />
    <ClCompile Include="MainDialog.cpp" />
    <ClCompile Include="..\common\balls.cpp">
      <Filter>common</Filter>
    </ClCompile>
    <ClCompile Include="..\..\libraries\agg\src\agg_vcgen_stroke.cpp">
      <Filter>agg</Filter>
    </ClCompile>
    <ClCompile Include="..\..\libraries\aggx\aggx_vcgen_stroke.cpp">
      <Filter>aggx</Filter>
    </ClCompile>
  </ItemGroup>
  <ItemGroup>
    <ClInclude Include="MainDialog.h" />
    <ClInclude Include="..\..\libraries\aggx\win32_bitmap.h">
      <Filter>aggx</Filter>
    </ClInclude>
    <ClInclude Include="..\..\libraries\aggx\basics.h">
      <Filter>aggx</Filter>
    </ClInclude>
    <ClInclude Include="..\..\libraries\aggx\rasterizer.h">
      <Filter>aggx</Filter>
    </ClInclude>
    <ClInclude Include="..\..\libraries\aggx\blenders.h">
      <Filter>aggx</Filter>
    </ClInclude>
    <ClInclude Include="..\common\paths.h">
      <Filter>common</Filter>
    </ClInclude>
    <ClInclude Include="..\common\bouncing.h">
      <Filter>common</Filter>
    </ClInclude>
    <ClInclude Include="..\common\timing.h">
      <Filter>common</Filter>
    </ClInclude>
    <ClInclude Include="..\..\libraries\aggx\aggx_vcgen_stroke.h">
      <Filter>aggx</Filter>
    </ClInclude>
    <ClInclude Include="..\..\libraries\aggx\aggx_vertex_sequence.h">
      <Filter>aggx</Filter>
    </ClInclude>
    <ClInclude Include="..\..\libraries\aggx\aggx_shorten_path.h">
      <Filter>aggx</Filter>
    </ClInclude>
    <ClInclude Include="..\..\libraries\aggx\aggx_math_stroke.h">
      <Filter>aggx</Filter>
    </ClInclude>
    <ClInclude Include="..\..\libraries\aggx\aggx_math.h">
      <Filter>aggx</Filter>
    </ClInclude>
    <ClInclude Include="..\..\libraries\aggx\aggx_conv_stroke.h">
      <Filter>aggx</Filter>
    </ClInclude>
    <ClInclude Include="..\..\libraries\aggx\aggx_conv_adaptor_vcgen.h">
      <Filter>aggx</Filter>
    </ClInclude>
    <ClInclude Include="..\..\libraries\aggx\aggx_ellipse.h">
      <Filter>aggx</Filter>
    </ClInclude>
  </ItemGroup>
  <ItemGroup>
    <Filter Include="aggx">
      <UniqueIdentifier>{54b2bb9b-e47f-4fc7-8e76-0428a344a1a3}</UniqueIdentifier>
    </Filter>
    <Filter Include="common">
      <UniqueIdentifier>{ae002ae0-404e-4727-ae0a-72585e494442}</UniqueIdentifier>
    </Filter>
    <Filter Include="agg">
      <UniqueIdentifier>{bcb50d93-cf3e-4b28-8cf5-5315bd71f5a5}</UniqueIdentifier>
    </Filter>
  </ItemGroup>
</Project>