<?xml version="1.0" encoding="utf-8"?>
<Project ToolsVersion="4.0" xmlns="http://schemas.microsoft.com/developer/msbuild/2003">
  <ItemGroup>
    <ClCompile Include="main.cpp" />
    <ClCompile Include="MainDialog.cpp" />
    <ClCompile Include="..\..\libraries\aggx\win32_bitmap.cpp">
      <Filter>aggx</Filter>
    </ClCompile>
    <ClCompile Include="..\..\libraries\aggx\rasterizer.cpp">
      <Filter>aggx</Filter>
    </ClCompile>
    <ClCompile Include="..\..\libraries\aggx\agg_vcgen_stroke.cpp">
      <Filter>aggx</Filter>
    </ClCompile>
    <ClCompile Include="..\..\libraries\aggx\parallel.cpp">
      <Filter>aggx</Filter>
    </ClCompile>
  </ItemGroup>
  <ItemGroup>
    <ClInclude Include="MainDialog.h" />
    <ClInclude Include="..\..\libraries\aggx\win32_bitmap.h">
      <Filter>aggx</Filter>
    </ClInclude>
    <ClInclude Include="..\..\libraries\aggx\basics.h">
      <Filter>aggx</Filter>
    </ClInclude>
    <ClInclude Include="..\..\libraries\aggx\rasterizer.h">
      <Filter>aggx</Filter>
    </ClInclude>
    <ClInclude Include="..\..\libraries\aggx\renderer.h">
      <Filter>aggx</Filter>
    </ClInclude>
    <ClInclude Include="..\..\libraries\aggx\scanline.h">
      <Filter>aggx</Filter>
    </ClInclude>
    <ClInclude Include="..\..\libraries\aggx\agg_conv_adaptor_vcgen.h">
      <Filter>aggx</Filter>
    </ClInclude>
    <ClInclude Include="..\..\libraries\aggx\agg_conv_stroke.h">
      <Filter>aggx</Filter>
    </ClInclude>
    <ClInclude Include="..\..\libraries\aggx\agg_math.h">
      <Filter>aggx</Filter>
    </ClInclude>
    <ClInclude Include="..\..\libraries\aggx\agg_math_stroke.h">
      <Filter>aggx</Filter>
    </ClInclude>
    <ClInclude Include="..\..\libraries\aggx\agg_vcgen_stroke.h">
      <Filter>aggx</Filter>
    </ClInclude>
    <ClInclude Include="..\..\libraries\aggx\agg_vertex_sequence.h">
      <Filter>aggx</Filter>
    </ClInclude>
    <ClInclude Include="..\..\libraries\aggx\agg_shorten_path.h">
      <Filter>aggx</Filter>
    </ClInclude>
    <ClInclude Include="..\..\libraries\aggx\blenders_intel.h">
      <Filter>aggx</Filter>
    </ClInclude>
    <ClInclude Include="..\..\libraries\aggx\scanline_adapter.h">
      <Filter>aggx</Filter>
    </ClInclude>
    <ClInclude Include="..\..\libraries\aggx\rendition_adapter.h">
      <Filter>aggx</Filter>
    </ClInclude>
    <ClInclude Include="..\..\libraries\aggx\blenders.h">
      <Filter>aggx</Filter>
    </ClInclude>
    <ClInclude Include="..\..\libraries\aggx\pixel_formats.h">
      <Filter>aggx</Filter>
    </ClInclude>
    <ClInclude Include="..\..\libraries\aggx\parallel.h">
      <Filter>aggx</Filter>
    </ClInclude>
  </ItemGroup>
  <ItemGroup>
    <Filter Include="aggx">
      <UniqueIdentifier>{54b2bb9b-e47f-4fc7-8e76-0428a344a1a3}</UniqueIdentifier>
    </Filter>
  </ItemGroup>
</Project>