// !$*UTF8*$!
{
	archiveVersion = 1;
	classes = {
	};
	objectVersion = 48;
	objects = {

/* Begin PBXBuildFile section */
		A01C7877203B8F0000BAECF9 /* libsamples-common.a in Frameworks */ = {isa = PBXBuildFile; fileRef = A01C7878203B8F0000BAECF9 /* libsamples-common.a */; };
		A01C7883203B93E100BAECF9 /* Info.plist in Resources */ = {isa = PBXBuildFile; fileRef = A01C787D203B93E000BAECF9 /* Info.plist */; };
		A01C7887203B93E100BAECF9 /* sandbox.cpp in Sources */ = {isa = PBXBuildFile; fileRef = A01C7881203B93E100BAECF9 /* sandbox.cpp */; };
		A01C7888203B956700BAECF9 /* libagge.a in Frameworks */ = {isa = PBXBuildFile; fileRef = A01C7889203B956700BAECF9 /* libagge.a */; };
		A01C788D203B95AA00BAECF9 /* Cocoa.framework in Frameworks */ = {isa = PBXBuildFile; fileRef = A01C788C203B95AA00BAECF9 /* Cocoa.framework */; };
		A01C7894203B9B6F00BAECF9 /* main.xib in Resources */ = {isa = PBXBuildFile; fileRef = A01C7893203B9B6F00BAECF9 /* main.xib */; };
/* End PBXBuildFile section */

/* Begin PBXFileReference section */
		A01C7860203B8E1500BAECF9 /* sandbox.app */ = {isa = PBXFileReference; explicitFileType = wrapper.application; includeInIndex = 0; path = sandbox.app; sourceTree = BUILT_PRODUCTS_DIR; };
		A01C7878203B8F0000BAECF9 /* libsamples-common.a */ = {isa = PBXFileReference; explicitFileType = archive.ar; path = "libsamples-common.a"; sourceTree = BUILT_PRODUCTS_DIR; };
		A01C787D203B93E000BAECF9 /* Info.plist */ = {isa = PBXFileReference; fileEncoding = 4; lastKnownFileType = text.plist.xml; path = Info.plist; sourceTree = "<group>"; };
		A01C7881203B93E100BAECF9 /* sandbox.cpp */ = {isa = PBXFileReference; fileEncoding = 4; lastKnownFileType = sourcecode.cpp.cpp; path = sandbox.cpp; sourceTree = "<group>"; };
		A01C7889203B956700BAECF9 /* libagge.a */ = {isa = PBXFileReference; explicitFileType = archive.ar; path = libagge.a; sourceTree = BUILT_PRODUCTS_DIR; };
		A01C788C203B95AA00BAECF9 /* Cocoa.framework */ = {isa = PBXFileReference; lastKnownFileType = wrapper.framework; name = Cocoa.framework; path = System/Library/Frameworks/Cocoa.framework; sourceTree = SDKROOT; };
		A01C7893203B9B6F00BAECF9 /* main.xib */ = {isa = PBXFileReference; lastKnownFileType = file.xib; path = main.xib; sourceTree = "<group>"; };
		A01C7899203BA5D300BAECF9 /* sandbox.entitlements */ = {isa = PBXFileReference; fileEncoding = 4; lastKnownFileType = text.plist.entitlements; path = sandbox.entitlements; sourceTree = "<group>"; };
/* End PBXFileReference section */

/* Begin PBXFrameworksBuildPhase section */
		A01C785D203B8E1500BAECF9 /* Frameworks */ = {
			isa = PBXFrameworksBuildPhase;
			buildActionMask = 2147483647;
			files = (
				A01C788D203B95AA00BAECF9 /* Cocoa.framework in Frameworks */,
				A01C7877203B8F0000BAECF9 /* libsamples-common.a in Frameworks */,
				A01C7888203B956700BAECF9 /* libagge.a in Frameworks */,
			);
			runOnlyForDeploymentPostprocessing = 0;
		};
/* End PBXFrameworksBuildPhase section */

/* Begin PBXGroup section */
		A01C7857203B8E1500BAECF9 = {
			isa = PBXGroup;
			children = (
				A01C7899203BA5D300BAECF9 /* sandbox.entitlements */,
				A01C7893203B9B6F00BAECF9 /* main.xib */,
				A01C787D203B93E000BAECF9 /* Info.plist */,
				A01C7881203B93E100BAECF9 /* sandbox.cpp */,
				A01C7861203B8E1500BAECF9 /* Products */,
				A01C7876203B8F0000BAECF9 /* Frameworks */,
			);
			sourceTree = "<group>";
		};
		A01C7861203B8E1500BAECF9 /* Products */ = {
			isa = PBXGroup;
			children = (
				A01C7860203B8E1500BAECF9 /* sandbox.app */,
			);
			name = Products;
			sourceTree = "<group>";
		};
		A01C7876203B8F0000BAECF9 /* Frameworks */ = {
			isa = PBXGroup;
			children = (
				A01C788C203B95AA00BAECF9 /* Cocoa.framework */,
				A01C7889203B956700BAECF9 /* libagge.a */,
				A01C7878203B8F0000BAECF9 /* libsamples-common.a */,
			);
			name = Frameworks;
			sourceTree = "<group>";
		};
/* End PBXGroup section */

/* Begin PBXNativeTarget section */
		A01C785F203B8E1500BAECF9 /* sandbox */ = {
			isa = PBXNativeTarget;
			buildConfigurationList = A01C7871203B8E1500BAECF9 /* Build configuration list for PBXNativeTarget "sandbox" */;
			buildPhases = (
				A01C785C203B8E1500BAECF9 /* Sources */,
				A01C785D203B8E1500BAECF9 /* Frameworks */,
				A01C785E203B8E1500BAECF9 /* Resources */,
			);
			buildRules = (
			);
			dependencies = (
			);
			name = sandbox;
			productName = sandbox;
			productReference = A01C7860203B8E1500BAECF9 /* sandbox.app */;
			productType = "com.apple.product-type.application";
		};
/* End PBXNativeTarget section */

/* Begin PBXProject section */
		A01C7858203B8E1500BAECF9 /* Project object */ = {
			isa = PBXProject;
			attributes = {
				LastUpgradeCheck = 0920;
				ORGANIZATIONNAME = "Artem G.";
				TargetAttributes = {
					A01C785F203B8E1500BAECF9 = {
						CreatedOnToolsVersion = 9.2;
						ProvisioningStyle = Automatic;
					};
				};
			};
			buildConfigurationList = A01C785B203B8E1500BAECF9 /* Build configuration list for PBXProject "sandbox" */;
			compatibilityVersion = "Xcode 8.0";
			developmentRegion = en;
			hasScannedForEncodings = 0;
			knownRegions = (
				en,
				Base,
			);
			mainGroup = A01C7857203B8E1500BAECF9;
			productRefGroup = A01C7861203B8E1500BAECF9 /* Products */;
			projectDirPath = "";
			projectRoot = "";
			targets = (
				A01C785F203B8E1500BAECF9 /* sandbox */,
			);
		};
/* End PBXProject section */

/* Begin PBXResourcesBuildPhase section */
		A01C785E203B8E1500BAECF9 /* Resources */ = {
			isa = PBXResourcesBuildPhase;
			buildActionMask = 2147483647;
			files = (
				A01C7894203B9B6F00BAECF9 /* main.xib in Resources */,
				A01C7883203B93E100BAECF9 /* Info.plist in Resources */,
			);
			runOnlyForDeploymentPostprocessing = 0;
		};
/* End PBXResourcesBuildPhase section */

/* Begin PBXSourcesBuildPhase section */
		A01C785C203B8E1500BAECF9 /* Sources */ = {
			isa = PBXSourcesBuildPhase;
			buildActionMask = 2147483647;
			files = (
				A01C7887203B93E100BAECF9 /* sandbox.cpp in Sources */,
			);
			runOnlyForDeploymentPostprocessing = 0;
		};
/* End PBXSourcesBuildPhase section */

/* Begin XCBuildConfiguration section */
		A01C786F203B8E1500BAECF9 /* Debug */ = {
			isa = XCBuildConfiguration;
			buildSettings = {
				ALWAYS_SEARCH_USER_PATHS = NO;
				CLANG_ANALYZER_NONNULL = YES;
				CLANG_ANALYZER_NUMBER_OBJECT_CONVERSION = YES_AGGRESSIVE;
				CLANG_CXX_LANGUAGE_STANDARD = "gnu++14";
				CLANG_CXX_LIBRARY = "libc++";
				CLANG_ENABLE_MODULES = YES;
				CLANG_ENABLE_OBJC_ARC = YES;
				CLANG_WARN_BLOCK_CAPTURE_AUTORELEASING = YES;
				CLANG_WARN_BOOL_CONVERSION = YES;
				CLANG_WARN_COMMA = YES;
				CLANG_WARN_CONSTANT_CONVERSION = YES;
				CLANG_WARN_DIRECT_OBJC_ISA_USAGE = YES_ERROR;
				CLANG_WARN_DOCUMENTATION_COMMENTS = YES;
				CLANG_WARN_EMPTY_BODY = YES;
				CLANG_WARN_ENUM_CONVERSION = YES;
				CLANG_WARN_INFINITE_RECURSION = YES;
				CLANG_WARN_INT_CONVERSION = YES;
				CLANG_WARN_NON_LITERAL_NULL_CONVERSION = YES;
				CLANG_WARN_OBJC_LITERAL_CONVERSION = YES;
				CLANG_WARN_OBJC_ROOT_CLASS = YES_ERROR;
				CLANG_WARN_RANGE_LOOP_ANALYSIS = YES;
				CLANG_WARN_STRICT_PROTOTYPES = YES;
				CLANG_WARN_SUSPICIOUS_MOVE = YES;
				CLANG_WARN_UNGUARDED_AVAILABILITY = YES_AGGRESSIVE;
				CLANG_WARN_UNREACHABLE_CODE = YES;
				CLANG_WARN__DUPLICATE_METHOD_MATCH = YES;
				CODE_SIGN_IDENTITY = "-";
				COPY_PHASE_STRIP = NO;
				DEBUG_INFORMATION_FORMAT = dwarf;
				ENABLE_STRICT_OBJC_MSGSEND = YES;
				ENABLE_TESTABILITY = YES;
				GCC_C_LANGUAGE_STANDARD = gnu11;
				GCC_DYNAMIC_NO_PIC = NO;
				GCC_NO_COMMON_BLOCKS = YES;
				GCC_OPTIMIZATION_LEVEL = 0;
				GCC_PREPROCESSOR_DEFINITIONS = (
					"DEBUG=1",
					"$(inherited)",
				);
				GCC_WARN_64_TO_32_BIT_CONVERSION = YES;
				GCC_WARN_ABOUT_RETURN_TYPE = YES_ERROR;
				GCC_WARN_UNDECLARED_SELECTOR = YES;
				GCC_WARN_UNINITIALIZED_AUTOS = YES_AGGRESSIVE;
				GCC_WARN_UNUSED_FUNCTION = YES;
				GCC_WARN_UNUSED_VARIABLE = YES;
				MACOSX_DEPLOYMENT_TARGET = 10.13;
				MTL_ENABLE_DEBUG_INFO = YES;
				ONLY_ACTIVE_ARCH = YES;
				SDKROOT = macosx;
			};
			name = Debug;
		};
		A01C7870203B8E1500BAECF9 /* Release */ = {
			isa = XCBuildConfiguration;
			buildSettings = {
				ALWAYS_SEARCH_USER_PATHS = NO;
				CLANG_ANALYZER_NONNULL = YES;
				CLANG_ANALYZER_NUMBER_OBJECT_CONVERSION = YES_AGGRESSIVE;
				CLANG_CXX_LANGUAGE_STANDARD = "gnu++14";
				CLANG_CXX_LIBRARY = "libc++";
				CLANG_ENABLE_MODULES = YES;
				CLANG_ENABLE_OBJC_ARC = YES;
				CLANG_WARN_BLOCK_CAPTURE_AUTORELEASING = YES;
				CLANG_WARN_BOOL_CONVERSION = YES;
				CLANG_WARN_COMMA = YES;
				CLANG_WARN_CONSTANT_CONVERSION = YES;
				CLANG_WARN_DIRECT_OBJC_ISA_USAGE = YES_ERROR;
				CLANG_WARN_DOCUMENTATION_COMMENTS = YES;
				CLANG_WARN_EMPTY_BODY = YES;
				CLANG_WARN_ENUM_CONVERSION = YES;
				CLANG_WARN_INFINITE_RECURSION = YES;
				CLANG_WARN_INT_CONVERSION = YES;
				CLANG_WARN_NON_LITERAL_NULL_CONVERSION = YES;
				CLANG_WARN_OBJC_LITERAL_CONVERSION = YES;
				CLANG_WARN_OBJC_ROOT_CLASS = YES_ERROR;
				CLANG_WARN_RANGE_LOOP_ANALYSIS = YES;
				CLANG_WARN_STRICT_PROTOTYPES = YES;
				CLANG_WARN_SUSPICIOUS_MOVE = YES;
				CLANG_WARN_UNGUARDED_AVAILABILITY = YES_AGGRESSIVE;
				CLANG_WARN_UNREACHABLE_CODE = YES;
				CLANG_WARN__DUPLICATE_METHOD_MATCH = YES;
				CODE_SIGN_IDENTITY = "-";
				COPY_PHASE_STRIP = NO;
				DEBUG_INFORMATION_FORMAT = "dwarf-with-dsym";
				ENABLE_NS_ASSERTIONS = NO;
				ENABLE_STRICT_OBJC_MSGSEND = YES;
				GCC_C_LANGUAGE_STANDARD = gnu11;
				GCC_NO_COMMON_BLOCKS = YES;
				GCC_WARN_64_TO_32_BIT_CONVERSION = YES;
				GCC_WARN_ABOUT_RETURN_TYPE = YES_ERROR;
				GCC_WARN_UNDECLARED_SELECTOR = YES;
				GCC_WARN_UNINITIALIZED_AUTOS = YES_AGGRESSIVE;
				GCC_WARN_UNUSED_FUNCTION = YES;
				GCC_WARN_UNUSED_VARIABLE = YES;
				MACOSX_DEPLOYMENT_TARGET = 10.13;
				MTL_ENABLE_DEBUG_INFO = NO;
				SDKROOT = macosx;
			};
			name = Release;
		};
		A01C7872203B8E1500BAECF9 /* Debug */ = {
			isa = XCBuildConfiguration;
			buildSettings = {
				CODE_SIGN_ENTITLEMENTS = sandbox.entitlements;
				CODE_SIGN_STYLE = Automatic;
				COMBINE_HIDPI_IMAGES = YES;
				HEADER_SEARCH_PATHS = ../..;
				INFOPLIST_FILE = "$(SRCROOT)/Info.plist";
				LD_RUNPATH_SEARCH_PATHS = "$(inherited) @executable_path/../Frameworks";
				PRODUCT_BUNDLE_IDENTIFIER = com.agge.sandbox;
				PRODUCT_NAME = "$(TARGET_NAME)";
			};
			name = Debug;
		};
		A01C7873203B8E1500BAECF9 /* Release */ = {
			isa = XCBuildConfiguration;
			buildSettings = {
				CODE_SIGN_ENTITLEMENTS = sandbox.entitlements;
				CODE_SIGN_STYLE = Automatic;
				COMBINE_HIDPI_IMAGES = YES;
				HEADER_SEARCH_PATHS = ../..;
				INFOPLIST_FILE = "$(SRCROOT)/Info.plist";
				LD_RUNPATH_SEARCH_PATHS = "$(inherited) @executable_path/../Frameworks";
				PRODUCT_BUNDLE_IDENTIFIER = com.agge.sandbox;
				PRODUCT_NAME = "$(TARGET_NAME)";
			};
			name = Release;
		};
/* End XCBuildConfiguration section */

/* Begin XCConfigurationList section */
		A01C785B203B8E1500BAECF9 /* Build configuration list for PBXProject "sandbox" */ = {
			isa = XCConfigurationList;
			buildConfigurations = (
				A01C786F203B8E1500BAECF9 /* Debug */,
				A01C7870203B8E1500BAECF9 /* Release */,
			);
			defaultConfigurationIsVisible = 0;
			defaultConfigurationName = Release;
		};
		A01C7871203B8E1500BAECF9 /* Build configuration list for PBXNativeTarget "sandbox" */ = {
			isa = XCConfigurationList;
			buildConfigurations = (
				A01C7872203B8E1500BAECF9 /* Debug */,
				A01C7873203B8E1500BAECF9 /* Release */,
			);
			defaultConfigurationIsVisible = 0;
			defaultConfigurationName = Release;
		};
/* End XCConfigurationList section */
	};
	rootObject = A01C7858203B8E1500BAECF9 /* Project object */;
}
