<?xml version="1.0" encoding="utf-8"?>
<Project ToolsVersion="4.0" xmlns="http://schemas.microsoft.com/developer/msbuild/2003">
  <ItemGroup>
    <ClCompile Include="VectorRasterizerTests.cpp" />
    <ClCompile Include="ScanlineRasterizerTests.cpp" />
    <ClCompile Include="RendererTests.cpp" />
    <ClCompile Include="BlenderTests.cpp" />
    <ClCompile Include="ScanlineAdapterTests.cpp" />
    <ClCompile Include="ParallelExecutionTests.cpp" />
    <ClCompile Include="mt.cpp" />
    <ClCompile Include="RendererParallelTests.cpp" />
    <ClCompile Include="MiscTests.cpp" />
  </ItemGroup>
  <ItemGroup>
    <ClInclude Include="helpers.h" />
    <ClInclude Include="mt.h" />
    <ClInclude Include="mocks.h" />
  </ItemGroup>
</Project>