<?xml version="1.0" encoding="utf-8"?>
<Project ToolsVersion="4.0" xmlns="http://schemas.microsoft.com/developer/msbuild/2003">
  <ItemGroup>
    <ClCompile Include="VectorRasterizerTests.cpp" />
    <ClCompile Include="RendererTests.cpp" />
    <ClCompile Include="BlenderTests.cpp" />
    <ClCompile Include="ScanlineAdapterTests.cpp" />
    <ClCompile Include="ParallelExecutionTests.cpp" />
    <ClCompile Include="mt.cpp" />
    <ClCompile Include="RendererParallelTests.cpp" />
    <ClCompile Include="MiscTests.cpp" />
    <ClCompile Include="platform\win32\surface.cpp">
      <Filter>platform\win32</Filter>
    </ClCompile>
    <ClCompile Include="platform\win32\RawBitmapTests.cpp">
      <Filter>platform\win32</Filter>
    </ClCompile>
    <ClCompile Include="BitmapTests.cpp" />
    <ClCompile Include="PodVectorTests.cpp" />
    <ClCompile Include="helpers.cpp" />
    <ClCompile Include="StrokeFeaturesTests.cpp" />
    <ClCompile Include="RasterizerTests.cpp" />
    <ClCompile Include="PathTests.cpp" />
    <ClCompile Include="ClipperTests.cpp" />
    <ClCompile Include="DashTests.cpp" />
    <ClCompile Include="StrokeTests.cpp" />
    <ClCompile Include="PreciseDeltaTests.cpp" />
  </ItemGroup>
  <ItemGroup>
    <ClInclude Include="helpers.h" />
    <ClInclude Include="mt.h" />
    <ClInclude Include="mocks.h" />
    <ClInclude Include="platform\win32\surface.h">
      <Filter>platform\win32</Filter>
    </ClInclude>
  </ItemGroup>
  <ItemGroup>
    <Filter Include="platform">
      <UniqueIdentifier>{b2c447d0-9358-4114-a47f-7d3f1caa164e}</UniqueIdentifier>
    </Filter>
    <Filter Include="platform\win32">
      <UniqueIdentifier>{06dbc50d-ce5a-418d-9ea9-75615b7850fc}</UniqueIdentifier>
    </Filter>
  </ItemGroup>
</Project>