<?xml version="1.0" encoding="utf-8"?>
<Project ToolsVersion="4.0" xmlns="http://schemas.microsoft.com/developer/msbuild/2003">
  <ItemGroup>
    <ClCompile Include="QueueTests.cpp" />
    <ClCompile Include="WorkerTests.cpp" />
  </ItemGroup>
  <ItemGroup>
    <Filter Include="Library Headers">
      <UniqueIdentifier>{17b8a313-7ebf-4dc3-a19c-0e6e319efb7a}</UniqueIdentifier>
    </Filter>
  </ItemGroup>
  <ItemGroup>
    <ClInclude Include="..\..\agge.async\queue.h">
      <Filter>Library Headers</Filter>
    </ClInclude>
    <ClInclude Include="..\..\agge.async\worker.h">
      <Filter>Library Headers</Filter>
    </ClInclude>
  </ItemGroup>
</Project>