<?xml version="1.0" encoding="utf-8"?>
<Project ToolsVersion="4.0" xmlns="http://schemas.microsoft.com/developer/msbuild/2003">
  <ItemGroup>
    <Filter Include="Library Header Files">
      <UniqueIdentifier>{f6a9c1b8-e39b-437d-b6ca-6720c4ae1727}</UniqueIdentifier>
    </Filter>
    <Filter Include="Source Files">
      <UniqueIdentifier>{02e87fc7-11cb-4985-a085-9ca2915b6f66}</UniqueIdentifier>
    </Filter>
  </ItemGroup>
  <ItemGroup>
    <ClInclude Include="..\ut\assert.h">
      <Filter>Library Header Files</Filter>
    </ClInclude>
    <ClInclude Include="..\ut\exportable.h">
      <Filter>Library Header Files</Filter>
    </ClInclude>
    <ClInclude Include="..\ut\registry.h">
      <Filter>Library Header Files</Filter>
    </ClInclude>
    <ClInclude Include="..\ut\test.h">
      <Filter>Library Header Files</Filter>
    </ClInclude>
    <ClInclude Include="..\ut\test_case.h">
      <Filter>Library Header Files</Filter>
    </ClInclude>
  </ItemGroup>
  <ItemGroup>
    <ClCompile Include="..\src\assert.cpp">
      <Filter>Source Files</Filter>
    </ClCompile>
    <ClCompile Include="..\src\registry.cpp">
      <Filter>Source Files</Filter>
    </ClCompile>
  </ItemGroup>
</Project>