// !$*UTF8*$!
{
	archiveVersion = 1;
	classes = {
	};
	objectVersion = 48;
	objects = {

/* Begin PBXBuildFile section */
		A01F8781200D55DC00DDCE51 /* libutee.a in Frameworks */ = {isa = PBXBuildFile; fileRef = A01F8782200D55DC00DDCE51 /* libutee.a */; };
		A01F8784200D565700DDCE51 /* BitmapTests.cpp in Sources */ = {isa = PBXBuildFile; fileRef = A01F8783200D565700DDCE51 /* BitmapTests.cpp */; };
		A08B58A4200D37EF00EB0790 /* PreciseDeltaTests.cpp in Sources */ = {isa = PBXBuildFile; fileRef = A08B588C200D37EC00EB0790 /* PreciseDeltaTests.cpp */; };
		A08B58A5200D37EF00EB0790 /* SIMDBlendersTests.cpp in Sources */ = {isa = PBXBuildFile; fileRef = A08B588D200D37EC00EB0790 /* SIMDBlendersTests.cpp */; };
		A08B58A6200D37EF00EB0790 /* RasterizerTests.cpp in Sources */ = {isa = PBXBuildFile; fileRef = A08B588E200D37EC00EB0790 /* RasterizerTests.cpp */; };
		A08B58A7200D37EF00EB0790 /* RendererParallelTests.cpp in Sources */ = {isa = PBXBuildFile; fileRef = A08B588F200D37EC00EB0790 /* RendererParallelTests.cpp */; };
		A08B58A8200D37EF00EB0790 /* helpers.h in Headers */ = {isa = PBXBuildFile; fileRef = A08B5890200D37EC00EB0790 /* helpers.h */; };
		A08B58A9200D37EF00EB0790 /* ClipperTests.cpp in Sources */ = {isa = PBXBuildFile; fileRef = A08B5891200D37EC00EB0790 /* ClipperTests.cpp */; };
		A08B58AA200D37EF00EB0790 /* DashTests.cpp in Sources */ = {isa = PBXBuildFile; fileRef = A08B5892200D37EC00EB0790 /* DashTests.cpp */; };
		A08B58AB200D37EF00EB0790 /* StrokeFeaturesTests.cpp in Sources */ = {isa = PBXBuildFile; fileRef = A08B5893200D37ED00EB0790 /* StrokeFeaturesTests.cpp */; };
		A08B58AC200D37EF00EB0790 /* assertex.h in Headers */ = {isa = PBXBuildFile; fileRef = A08B5894200D37ED00EB0790 /* assertex.h */; };
		A08B58AD200D37EF00EB0790 /* ParallelExecutionTests.cpp in Sources */ = {isa = PBXBuildFile; fileRef = A08B5895200D37ED00EB0790 /* ParallelExecutionTests.cpp */; };
		A08B58AE200D37EF00EB0790 /* ScanlineAdapterTests.cpp in Sources */ = {isa = PBXBuildFile; fileRef = A08B5896200D37ED00EB0790 /* ScanlineAdapterTests.cpp */; };
		A08B58AF200D37EF00EB0790 /* GenericBlendersTests.cpp in Sources */ = {isa = PBXBuildFile; fileRef = A08B5897200D37ED00EB0790 /* GenericBlendersTests.cpp */; };
		A08B58B0200D37EF00EB0790 /* FiguresTests.cpp in Sources */ = {isa = PBXBuildFile; fileRef = A08B5898200D37ED00EB0790 /* FiguresTests.cpp */; };
		A08B58B1200D37EF00EB0790 /* mocks.h in Headers */ = {isa = PBXBuildFile; fileRef = A08B5899200D37ED00EB0790 /* mocks.h */; };
		A08B58B2200D37EF00EB0790 /* FillingRulesTests.cpp in Sources */ = {isa = PBXBuildFile; fileRef = A08B589A200D37ED00EB0790 /* FillingRulesTests.cpp */; };
		A08B58B3200D37EF00EB0790 /* PathTests.cpp in Sources */ = {isa = PBXBuildFile; fileRef = A08B589B200D37ED00EB0790 /* PathTests.cpp */; };
		A08B58B4200D37EF00EB0790 /* RendererTests.cpp in Sources */ = {isa = PBXBuildFile; fileRef = A08B589C200D37EE00EB0790 /* RendererTests.cpp */; };
		A08B58B5200D37EF00EB0790 /* mt.h in Headers */ = {isa = PBXBuildFile; fileRef = A08B589D200D37EE00EB0790 /* mt.h */; };
		A08B58B6200D37EF00EB0790 /* MiscTests.cpp in Sources */ = {isa = PBXBuildFile; fileRef = A08B589E200D37EE00EB0790 /* MiscTests.cpp */; };
		A08B58B7200D37EF00EB0790 /* VectorRasterizerTests.cpp in Sources */ = {isa = PBXBuildFile; fileRef = A08B589F200D37EE00EB0790 /* VectorRasterizerTests.cpp */; };
		A08B58B8200D37EF00EB0790 /* BlendersTests.cpp in Sources */ = {isa = PBXBuildFile; fileRef = A08B58A0200D37EE00EB0790 /* BlendersTests.cpp */; };
		A08B58B9200D37EF00EB0790 /* CurvesTests.cpp in Sources */ = {isa = PBXBuildFile; fileRef = A08B58A1200D37EE00EB0790 /* CurvesTests.cpp */; };
		A08B58BA200D37EF00EB0790 /* StrokeTests.cpp in Sources */ = {isa = PBXBuildFile; fileRef = A08B58A2200D37EF00EB0790 /* StrokeTests.cpp */; };
		A08B58BB200D37EF00EB0790 /* PodVectorTests.cpp in Sources */ = {isa = PBXBuildFile; fileRef = A08B58A3200D37EF00EB0790 /* PodVectorTests.cpp */; };
		A08B58BD200D388600EB0790 /* libagge.a in Frameworks */ = {isa = PBXBuildFile; fileRef = A08B58BE200D388600EB0790 /* libagge.a */; };
		A08B58C2200D3B5E00EB0790 /* mt.cpp in Sources */ = {isa = PBXBuildFile; fileRef = A08B58C1200D3B5E00EB0790 /* mt.cpp */; };
/* End PBXBuildFile section */

/* Begin PBXFileReference section */
		A01F8782200D55DC00DDCE51 /* libutee.a */ = {isa = PBXFileReference; explicitFileType = archive.ar; path = libutee.a; sourceTree = BUILT_PRODUCTS_DIR; };
		A01F8783200D565700DDCE51 /* BitmapTests.cpp */ = {isa = PBXFileReference; fileEncoding = 4; lastKnownFileType = sourcecode.cpp.cpp; path = BitmapTests.cpp; sourceTree = "<group>"; };
		A08B5855200D36CE00EB0790 /* libagge.tests.dylib */ = {isa = PBXFileReference; explicitFileType = "compiled.mach-o.dylib"; includeInIndex = 0; path = libagge.tests.dylib; sourceTree = BUILT_PRODUCTS_DIR; };
		A08B588C200D37EC00EB0790 /* PreciseDeltaTests.cpp */ = {isa = PBXFileReference; fileEncoding = 4; lastKnownFileType = sourcecode.cpp.cpp; path = PreciseDeltaTests.cpp; sourceTree = "<group>"; };
		A08B588D200D37EC00EB0790 /* SIMDBlendersTests.cpp */ = {isa = PBXFileReference; fileEncoding = 4; lastKnownFileType = sourcecode.cpp.cpp; path = SIMDBlendersTests.cpp; sourceTree = "<group>"; };
		A08B588E200D37EC00EB0790 /* RasterizerTests.cpp */ = {isa = PBXFileReference; fileEncoding = 4; lastKnownFileType = sourcecode.cpp.cpp; path = RasterizerTests.cpp; sourceTree = "<group>"; };
		A08B588F200D37EC00EB0790 /* RendererParallelTests.cpp */ = {isa = PBXFileReference; fileEncoding = 4; lastKnownFileType = sourcecode.cpp.cpp; path = RendererParallelTests.cpp; sourceTree = "<group>"; };
		A08B5890200D37EC00EB0790 /* helpers.h */ = {isa = PBXFileReference; fileEncoding = 4; lastKnownFileType = sourcecode.c.h; path = helpers.h; sourceTree = "<group>"; };
		A08B5891200D37EC00EB0790 /* ClipperTests.cpp */ = {isa = PBXFileReference; fileEncoding = 4; lastKnownFileType = sourcecode.cpp.cpp; path = ClipperTests.cpp; sourceTree = "<group>"; };
		A08B5892200D37EC00EB0790 /* DashTests.cpp */ = {isa = PBXFileReference; fileEncoding = 4; lastKnownFileType = sourcecode.cpp.cpp; path = DashTests.cpp; sourceTree = "<group>"; };
		A08B5893200D37ED00EB0790 /* StrokeFeaturesTests.cpp */ = {isa = PBXFileReference; fileEncoding = 4; lastKnownFileType = sourcecode.cpp.cpp; path = StrokeFeaturesTests.cpp; sourceTree = "<group>"; };
		A08B5894200D37ED00EB0790 /* assertex.h */ = {isa = PBXFileReference; fileEncoding = 4; lastKnownFileType = sourcecode.c.h; path = assertex.h; sourceTree = "<group>"; };
		A08B5895200D37ED00EB0790 /* ParallelExecutionTests.cpp */ = {isa = PBXFileReference; fileEncoding = 4; lastKnownFileType = sourcecode.cpp.cpp; path = ParallelExecutionTests.cpp; sourceTree = "<group>"; };
		A08B5896200D37ED00EB0790 /* ScanlineAdapterTests.cpp */ = {isa = PBXFileReference; fileEncoding = 4; lastKnownFileType = sourcecode.cpp.cpp; path = ScanlineAdapterTests.cpp; sourceTree = "<group>"; };
		A08B5897200D37ED00EB0790 /* GenericBlendersTests.cpp */ = {isa = PBXFileReference; fileEncoding = 4; lastKnownFileType = sourcecode.cpp.cpp; path = GenericBlendersTests.cpp; sourceTree = "<group>"; };
		A08B5898200D37ED00EB0790 /* FiguresTests.cpp */ = {isa = PBXFileReference; fileEncoding = 4; lastKnownFileType = sourcecode.cpp.cpp; path = FiguresTests.cpp; sourceTree = "<group>"; };
		A08B5899200D37ED00EB0790 /* mocks.h */ = {isa = PBXFileReference; fileEncoding = 4; lastKnownFileType = sourcecode.c.h; path = mocks.h; sourceTree = "<group>"; };
		A08B589A200D37ED00EB0790 /* FillingRulesTests.cpp */ = {isa = PBXFileReference; fileEncoding = 4; lastKnownFileType = sourcecode.cpp.cpp; path = FillingRulesTests.cpp; sourceTree = "<group>"; };
		A08B589B200D37ED00EB0790 /* PathTests.cpp */ = {isa = PBXFileReference; fileEncoding = 4; lastKnownFileType = sourcecode.cpp.cpp; path = PathTests.cpp; sourceTree = "<group>"; };
		A08B589C200D37EE00EB0790 /* RendererTests.cpp */ = {isa = PBXFileReference; fileEncoding = 4; lastKnownFileType = sourcecode.cpp.cpp; path = RendererTests.cpp; sourceTree = "<group>"; };
		A08B589D200D37EE00EB0790 /* mt.h */ = {isa = PBXFileReference; fileEncoding = 4; lastKnownFileType = sourcecode.c.h; path = mt.h; sourceTree = "<group>"; };
		A08B589E200D37EE00EB0790 /* MiscTests.cpp */ = {isa = PBXFileReference; fileEncoding = 4; lastKnownFileType = sourcecode.cpp.cpp; path = MiscTests.cpp; sourceTree = "<group>"; };
		A08B589F200D37EE00EB0790 /* VectorRasterizerTests.cpp */ = {isa = PBXFileReference; fileEncoding = 4; lastKnownFileType = sourcecode.cpp.cpp; path = VectorRasterizerTests.cpp; sourceTree = "<group>"; };
		A08B58A0200D37EE00EB0790 /* BlendersTests.cpp */ = {isa = PBXFileReference; fileEncoding = 4; lastKnownFileType = sourcecode.cpp.cpp; path = BlendersTests.cpp; sourceTree = "<group>"; };
		A08B58A1200D37EE00EB0790 /* CurvesTests.cpp */ = {isa = PBXFileReference; fileEncoding = 4; lastKnownFileType = sourcecode.cpp.cpp; path = CurvesTests.cpp; sourceTree = "<group>"; };
		A08B58A2200D37EF00EB0790 /* StrokeTests.cpp */ = {isa = PBXFileReference; fileEncoding = 4; lastKnownFileType = sourcecode.cpp.cpp; path = StrokeTests.cpp; sourceTree = "<group>"; };
		A08B58A3200D37EF00EB0790 /* PodVectorTests.cpp */ = {isa = PBXFileReference; fileEncoding = 4; lastKnownFileType = sourcecode.cpp.cpp; path = PodVectorTests.cpp; sourceTree = "<group>"; };
		A08B58BE200D388600EB0790 /* libagge.a */ = {isa = PBXFileReference; explicitFileType = archive.ar; path = libagge.a; sourceTree = BUILT_PRODUCTS_DIR; };
		A08B58C1200D3B5E00EB0790 /* mt.cpp */ = {isa = PBXFileReference; fileEncoding = 4; lastKnownFileType = sourcecode.cpp.cpp; name = mt.cpp; path = platform/linux/mt.cpp; sourceTree = "<group>"; };
/* End PBXFileReference section */

/* Begin PBXFrameworksBuildPhase section */
		A08B5852200D36CE00EB0790 /* Frameworks */ = {
			isa = PBXFrameworksBuildPhase;
			buildActionMask = 2147483647;
			files = (
				A01F8781200D55DC00DDCE51 /* libutee.a in Frameworks */,
				A08B58BD200D388600EB0790 /* libagge.a in Frameworks */,
			);
			runOnlyForDeploymentPostprocessing = 0;
		};
/* End PBXFrameworksBuildPhase section */

/* Begin PBXGroup section */
		A08B584C200D36CE00EB0790 = {
			isa = PBXGroup;
			children = (
				A01F8783200D565700DDCE51 /* BitmapTests.cpp */,
				A08B58BF200D3B4300EB0790 /* platform */,
				A08B5894200D37ED00EB0790 /* assertex.h */,
				A08B58A0200D37EE00EB0790 /* BlendersTests.cpp */,
				A08B5891200D37EC00EB0790 /* ClipperTests.cpp */,
				A08B58A1200D37EE00EB0790 /* CurvesTests.cpp */,
				A08B5892200D37EC00EB0790 /* DashTests.cpp */,
				A08B5898200D37ED00EB0790 /* FiguresTests.cpp */,
				A08B589A200D37ED00EB0790 /* FillingRulesTests.cpp */,
				A08B5897200D37ED00EB0790 /* GenericBlendersTests.cpp */,
				A08B5890200D37EC00EB0790 /* helpers.h */,
				A08B589E200D37EE00EB0790 /* MiscTests.cpp */,
				A08B5899200D37ED00EB0790 /* mocks.h */,
				A08B589D200D37EE00EB0790 /* mt.h */,
				A08B5895200D37ED00EB0790 /* ParallelExecutionTests.cpp */,
				A08B589B200D37ED00EB0790 /* PathTests.cpp */,
				A08B58A3200D37EF00EB0790 /* PodVectorTests.cpp */,
				A08B588C200D37EC00EB0790 /* PreciseDeltaTests.cpp */,
				A08B588E200D37EC00EB0790 /* RasterizerTests.cpp */,
				A08B588F200D37EC00EB0790 /* RendererParallelTests.cpp */,
				A08B589C200D37EE00EB0790 /* RendererTests.cpp */,
				A08B5896200D37ED00EB0790 /* ScanlineAdapterTests.cpp */,
				A08B588D200D37EC00EB0790 /* SIMDBlendersTests.cpp */,
				A08B5893200D37ED00EB0790 /* StrokeFeaturesTests.cpp */,
				A08B58A2200D37EF00EB0790 /* StrokeTests.cpp */,
				A08B589F200D37EE00EB0790 /* VectorRasterizerTests.cpp */,
				A08B5856200D36CE00EB0790 /* Products */,
				A08B58BC200D388600EB0790 /* Frameworks */,
			);
			sourceTree = "<group>";
		};
		A08B5856200D36CE00EB0790 /* Products */ = {
			isa = PBXGroup;
			children = (
				A08B5855200D36CE00EB0790 /* libagge.tests.dylib */,
			);
			name = Products;
			sourceTree = "<group>";
		};
		A08B58BC200D388600EB0790 /* Frameworks */ = {
			isa = PBXGroup;
			children = (
				A01F8782200D55DC00DDCE51 /* libutee.a */,
				A08B58BE200D388600EB0790 /* libagge.a */,
			);
			name = Frameworks;
			sourceTree = "<group>";
		};
		A08B58BF200D3B4300EB0790 /* platform */ = {
			isa = PBXGroup;
			children = (
				A08B58C0200D3B4E00EB0790 /* unix */,
			);
			name = platform;
			sourceTree = "<group>";
		};
		A08B58C0200D3B4E00EB0790 /* unix */ = {
			isa = PBXGroup;
			children = (
				A08B58C1200D3B5E00EB0790 /* mt.cpp */,
			);
			name = unix;
			sourceTree = "<group>";
		};
/* End PBXGroup section */

/* Begin PBXHeadersBuildPhase section */
		A08B5853200D36CE00EB0790 /* Headers */ = {
			isa = PBXHeadersBuildPhase;
			buildActionMask = 2147483647;
			files = (
				A08B58B1200D37EF00EB0790 /* mocks.h in Headers */,
				A08B58A8200D37EF00EB0790 /* helpers.h in Headers */,
				A08B58AC200D37EF00EB0790 /* assertex.h in Headers */,
				A08B58B5200D37EF00EB0790 /* mt.h in Headers */,
			);
			runOnlyForDeploymentPostprocessing = 0;
		};
/* End PBXHeadersBuildPhase section */

/* Begin PBXNativeTarget section */
		A08B5854200D36CE00EB0790 /* agge.tests */ = {
			isa = PBXNativeTarget;
			buildConfigurationList = A08B5859200D36CE00EB0790 /* Build configuration list for PBXNativeTarget "agge.tests" */;
			buildPhases = (
				A08B5851200D36CE00EB0790 /* Sources */,
				A08B5852200D36CE00EB0790 /* Frameworks */,
				A08B5853200D36CE00EB0790 /* Headers */,
			);
			buildRules = (
			);
			dependencies = (
			);
			name = agge.tests;
			productName = agge.tests;
			productReference = A08B5855200D36CE00EB0790 /* libagge.tests.dylib */;
			productType = "com.apple.product-type.library.dynamic";
		};
/* End PBXNativeTarget section */

/* Begin PBXProject section */
		A08B584D200D36CE00EB0790 /* Project object */ = {
			isa = PBXProject;
			attributes = {
				LastUpgradeCheck = 0920;
				TargetAttributes = {
					A08B5854200D36CE00EB0790 = {
						CreatedOnToolsVersion = 9.2;
						ProvisioningStyle = Automatic;
					};
				};
			};
			buildConfigurationList = A08B5850200D36CE00EB0790 /* Build configuration list for PBXProject "agge.tests" */;
			compatibilityVersion = "Xcode 8.0";
			developmentRegion = en;
			hasScannedForEncodings = 0;
			knownRegions = (
				en,
			);
			mainGroup = A08B584C200D36CE00EB0790;
			productRefGroup = A08B5856200D36CE00EB0790 /* Products */;
			projectDirPath = "";
			projectRoot = "";
			targets = (
				A08B5854200D36CE00EB0790 /* agge.tests */,
			);
		};
/* End PBXProject section */

/* Begin PBXSourcesBuildPhase section */
		A08B5851200D36CE00EB0790 /* Sources */ = {
			isa = PBXSourcesBuildPhase;
			buildActionMask = 2147483647;
			files = (
				A08B58C2200D3B5E00EB0790 /* mt.cpp in Sources */,
				A08B58B6200D37EF00EB0790 /* MiscTests.cpp in Sources */,
				A01F8784200D565700DDCE51 /* BitmapTests.cpp in Sources */,
				A08B58A6200D37EF00EB0790 /* RasterizerTests.cpp in Sources */,
				A08B58B0200D37EF00EB0790 /* FiguresTests.cpp in Sources */,
				A08B58B8200D37EF00EB0790 /* BlendersTests.cpp in Sources */,
				A08B58A7200D37EF00EB0790 /* RendererParallelTests.cpp in Sources */,
				A08B58B3200D37EF00EB0790 /* PathTests.cpp in Sources */,
				A08B58AF200D37EF00EB0790 /* GenericBlendersTests.cpp in Sources */,
				A08B58AE200D37EF00EB0790 /* ScanlineAdapterTests.cpp in Sources */,
				A08B58A4200D37EF00EB0790 /* PreciseDeltaTests.cpp in Sources */,
				A08B58AA200D37EF00EB0790 /* DashTests.cpp in Sources */,
				A08B58A5200D37EF00EB0790 /* SIMDBlendersTests.cpp in Sources */,
				A08B58BA200D37EF00EB0790 /* StrokeTests.cpp in Sources */,
				A08B58BB200D37EF00EB0790 /* PodVectorTests.cpp in Sources */,
				A08B58B9200D37EF00EB0790 /* CurvesTests.cpp in Sources */,
				A08B58AB200D37EF00EB0790 /* StrokeFeaturesTests.cpp in Sources */,
				A08B58B7200D37EF00EB0790 /* VectorRasterizerTests.cpp in Sources */,
				A08B58B2200D37EF00EB0790 /* FillingRulesTests.cpp in Sources */,
				A08B58A9200D37EF00EB0790 /* ClipperTests.cpp in Sources */,
				A08B58B4200D37EF00EB0790 /* RendererTests.cpp in Sources */,
				A08B58AD200D37EF00EB0790 /* ParallelExecutionTests.cpp in Sources */,
			);
			runOnlyForDeploymentPostprocessing = 0;
		};
/* End PBXSourcesBuildPhase section */

/* Begin XCBuildConfiguration section */
		A08B5857200D36CE00EB0790 /* Debug */ = {
			isa = XCBuildConfiguration;
			buildSettings = {
				ALWAYS_SEARCH_USER_PATHS = NO;
				CLANG_ANALYZER_NONNULL = YES;
				CLANG_ANALYZER_NUMBER_OBJECT_CONVERSION = YES_AGGRESSIVE;
				CLANG_CXX_LANGUAGE_STANDARD = "gnu++14";
				CLANG_CXX_LIBRARY = "libc++";
				CLANG_ENABLE_MODULES = YES;
				CLANG_ENABLE_OBJC_ARC = YES;
				CLANG_WARN_BLOCK_CAPTURE_AUTORELEASING = YES;
				CLANG_WARN_BOOL_CONVERSION = YES;
				CLANG_WARN_COMMA = YES;
				CLANG_WARN_CONSTANT_CONVERSION = YES;
				CLANG_WARN_DIRECT_OBJC_ISA_USAGE = YES_ERROR;
				CLANG_WARN_DOCUMENTATION_COMMENTS = YES;
				CLANG_WARN_EMPTY_BODY = YES;
				CLANG_WARN_ENUM_CONVERSION = YES;
				CLANG_WARN_INFINITE_RECURSION = YES;
				CLANG_WARN_INT_CONVERSION = YES;
				CLANG_WARN_NON_LITERAL_NULL_CONVERSION = YES;
				CLANG_WARN_OBJC_LITERAL_CONVERSION = YES;
				CLANG_WARN_OBJC_ROOT_CLASS = YES_ERROR;
				CLANG_WARN_RANGE_LOOP_ANALYSIS = YES;
				CLANG_WARN_STRICT_PROTOTYPES = YES;
				CLANG_WARN_SUSPICIOUS_MOVE = YES;
				CLANG_WARN_UNGUARDED_AVAILABILITY = YES_AGGRESSIVE;
				CLANG_WARN_UNREACHABLE_CODE = YES;
				CLANG_WARN__DUPLICATE_METHOD_MATCH = YES;
				CODE_SIGN_IDENTITY = "-";
				COPY_PHASE_STRIP = NO;
				DEBUG_INFORMATION_FORMAT = dwarf;
				ENABLE_STRICT_OBJC_MSGSEND = YES;
				ENABLE_TESTABILITY = YES;
				GCC_C_LANGUAGE_STANDARD = gnu11;
				GCC_DYNAMIC_NO_PIC = NO;
				GCC_NO_COMMON_BLOCKS = YES;
				GCC_OPTIMIZATION_LEVEL = 0;
				GCC_PREPROCESSOR_DEFINITIONS = (
					"DEBUG=1",
					"$(inherited)",
				);
				GCC_WARN_64_TO_32_BIT_CONVERSION = YES;
				GCC_WARN_ABOUT_RETURN_TYPE = YES_ERROR;
				GCC_WARN_UNDECLARED_SELECTOR = YES;
				GCC_WARN_UNINITIALIZED_AUTOS = YES_AGGRESSIVE;
				GCC_WARN_UNUSED_FUNCTION = YES;
				GCC_WARN_UNUSED_VARIABLE = YES;
				MACOSX_DEPLOYMENT_TARGET = 10.13;
				MTL_ENABLE_DEBUG_INFO = YES;
				ONLY_ACTIVE_ARCH = YES;
				SDKROOT = macosx;
			};
			name = Debug;
		};
		A08B5858200D36CE00EB0790 /* Release */ = {
			isa = XCBuildConfiguration;
			buildSettings = {
				ALWAYS_SEARCH_USER_PATHS = NO;
				CLANG_ANALYZER_NONNULL = YES;
				CLANG_ANALYZER_NUMBER_OBJECT_CONVERSION = YES_AGGRESSIVE;
				CLANG_CXX_LANGUAGE_STANDARD = "gnu++14";
				CLANG_CXX_LIBRARY = "libc++";
				CLANG_ENABLE_MODULES = YES;
				CLANG_ENABLE_OBJC_ARC = YES;
				CLANG_WARN_BLOCK_CAPTURE_AUTORELEASING = YES;
				CLANG_WARN_BOOL_CONVERSION = YES;
				CLANG_WARN_COMMA = YES;
				CLANG_WARN_CONSTANT_CONVERSION = YES;
				CLANG_WARN_DIRECT_OBJC_ISA_USAGE = YES_ERROR;
				CLANG_WARN_DOCUMENTATION_COMMENTS = YES;
				CLANG_WARN_EMPTY_BODY = YES;
				CLANG_WARN_ENUM_CONVERSION = YES;
				CLANG_WARN_INFINITE_RECURSION = YES;
				CLANG_WARN_INT_CONVERSION = YES;
				CLANG_WARN_NON_LITERAL_NULL_CONVERSION = YES;
				CLANG_WARN_OBJC_LITERAL_CONVERSION = YES;
				CLANG_WARN_OBJC_ROOT_CLASS = YES_ERROR;
				CLANG_WARN_RANGE_LOOP_ANALYSIS = YES;
				CLANG_WARN_STRICT_PROTOTYPES = YES;
				CLANG_WARN_SUSPICIOUS_MOVE = YES;
				CLANG_WARN_UNGUARDED_AVAILABILITY = YES_AGGRESSIVE;
				CLANG_WARN_UNREACHABLE_CODE = YES;
				CLANG_WARN__DUPLICATE_METHOD_MATCH = YES;
				CODE_SIGN_IDENTITY = "-";
				COPY_PHASE_STRIP = NO;
				DEBUG_INFORMATION_FORMAT = "dwarf-with-dsym";
				ENABLE_NS_ASSERTIONS = NO;
				ENABLE_STRICT_OBJC_MSGSEND = YES;
				GCC_C_LANGUAGE_STANDARD = gnu11;
				GCC_NO_COMMON_BLOCKS = YES;
				GCC_WARN_64_TO_32_BIT_CONVERSION = YES;
				GCC_WARN_ABOUT_RETURN_TYPE = YES_ERROR;
				GCC_WARN_UNDECLARED_SELECTOR = YES;
				GCC_WARN_UNINITIALIZED_AUTOS = YES_AGGRESSIVE;
				GCC_WARN_UNUSED_FUNCTION = YES;
				GCC_WARN_UNUSED_VARIABLE = YES;
				MACOSX_DEPLOYMENT_TARGET = 10.13;
				MTL_ENABLE_DEBUG_INFO = NO;
				SDKROOT = macosx;
			};
			name = Release;
		};
		A08B585A200D36CE00EB0790 /* Debug */ = {
			isa = XCBuildConfiguration;
			buildSettings = {
				CLANG_WARN_COMMA = NO;
				CODE_SIGN_STYLE = Automatic;
				DYLIB_COMPATIBILITY_VERSION = 1;
				DYLIB_CURRENT_VERSION = 1;
				EXECUTABLE_PREFIX = lib;
				HEADER_SEARCH_PATHS = (
					../..,
					../../libraries/utee,
				);
				PRODUCT_NAME = "$(TARGET_NAME)";
			};
			name = Debug;
		};
		A08B585B200D36CE00EB0790 /* Release */ = {
			isa = XCBuildConfiguration;
			buildSettings = {
				CLANG_WARN_COMMA = NO;
				CODE_SIGN_STYLE = Automatic;
				DYLIB_COMPATIBILITY_VERSION = 1;
				DYLIB_CURRENT_VERSION = 1;
				EXECUTABLE_PREFIX = lib;
				HEADER_SEARCH_PATHS = (
					../..,
					../../libraries/utee,
				);
				PRODUCT_NAME = "$(TARGET_NAME)";
			};
			name = Release;
		};
/* End XCBuildConfiguration section */

/* Begin XCConfigurationList section */
		A08B5850200D36CE00EB0790 /* Build configuration list for PBXProject "agge.tests" */ = {
			isa = XCConfigurationList;
			buildConfigurations = (
				A08B5857200D36CE00EB0790 /* Debug */,
				A08B5858200D36CE00EB0790 /* Release */,
			);
			defaultConfigurationIsVisible = 0;
			defaultConfigurationName = Release;
		};
		A08B5859200D36CE00EB0790 /* Build configuration list for PBXNativeTarget "agge.tests" */ = {
			isa = XCConfigurationList;
			buildConfigurations = (
				A08B585A200D36CE00EB0790 /* Debug */,
				A08B585B200D36CE00EB0790 /* Release */,
			);
			defaultConfigurationIsVisible = 0;
			defaultConfigurationName = Release;
		};
/* End XCConfigurationList section */
	};
	rootObject = A08B584D200D36CE00EB0790 /* Project object */;
}
