<?xml version="1.0" encoding="utf-8"?>
<Project ToolsVersion="4.0" xmlns="http://schemas.microsoft.com/developer/msbuild/2003">
  <ItemGroup>
    <ClCompile Include="balls_data.cpp" />
    <ClCompile Include="balls-async.cpp" />
  </ItemGroup>
  <ItemGroup>
    <ClInclude Include="balls_data.h" />
  </ItemGroup>
  <ItemGroup>
    <Filter Include="android">
      <UniqueIdentifier>{608510cf-dda4-4321-a080-e735b237f3cb}</UniqueIdentifier>
    </Filter>
  </ItemGroup>
  <ItemGroup>
    <None Include="build.xml">
      <Filter>android</Filter>
    </None>
    <None Include="AndroidManifest.xml">
      <Filter>android</Filter>
    </None>
    <None Include="project.properties">
      <Filter>android</Filter>
    </None>
  </ItemGroup>
</Project>