// !$*UTF8*$!
{
	archiveVersion = 1;
	classes = {
	};
	objectVersion = 48;
	objects = {

/* Begin PBXBuildFile section */
		A0A9C339200D5777007D5DE8 /* font.cpp in Sources */ = {isa = PBXBuildFile; fileRef = A0A9C336200D5777007D5DE8 /* font.cpp */; };
		A0A9C33A200D5777007D5DE8 /* layout.cpp in Sources */ = {isa = PBXBuildFile; fileRef = A0A9C337200D5777007D5DE8 /* layout.cpp */; };
		A0A9C33B200D5777007D5DE8 /* text_engine.cpp in Sources */ = {isa = PBXBuildFile; fileRef = A0A9C338200D5777007D5DE8 /* text_engine.cpp */; };
		A0A9C344200D5793007D5DE8 /* text_engine.h in Headers */ = {isa = PBXBuildFile; fileRef = A0A9C33D200D5793007D5DE8 /* text_engine.h */; };
		A0A9C345200D5793007D5DE8 /* hash_map.h in Headers */ = {isa = PBXBuildFile; fileRef = A0A9C33E200D5793007D5DE8 /* hash_map.h */; };
		A0A9C346200D5793007D5DE8 /* font.h in Headers */ = {isa = PBXBuildFile; fileRef = A0A9C33F200D5793007D5DE8 /* font.h */; };
		A0A9C347200D5793007D5DE8 /* shared_ptr.h in Headers */ = {isa = PBXBuildFile; fileRef = A0A9C340200D5793007D5DE8 /* shared_ptr.h */; };
		A0A9C348200D5793007D5DE8 /* glyph.h in Headers */ = {isa = PBXBuildFile; fileRef = A0A9C341200D5793007D5DE8 /* glyph.h */; };
		A0A9C349200D5793007D5DE8 /* layout.h in Headers */ = {isa = PBXBuildFile; fileRef = A0A9C342200D5793007D5DE8 /* layout.h */; };
		A0A9C34A200D5793007D5DE8 /* functional.h in Headers */ = {isa = PBXBuildFile; fileRef = A0A9C343200D5793007D5DE8 /* functional.h */; };
/* End PBXBuildFile section */

/* Begin PBXFileReference section */
		A0A9C32E200D5726007D5DE8 /* libagge.text.a */ = {isa = PBXFileReference; explicitFileType = archive.ar; includeInIndex = 0; path = libagge.text.a; sourceTree = BUILT_PRODUCTS_DIR; };
		A0A9C336200D5777007D5DE8 /* font.cpp */ = {isa = PBXFileReference; fileEncoding = 4; lastKnownFileType = sourcecode.cpp.cpp; path = font.cpp; sourceTree = "<group>"; };
		A0A9C337200D5777007D5DE8 /* layout.cpp */ = {isa = PBXFileReference; fileEncoding = 4; lastKnownFileType = sourcecode.cpp.cpp; path = layout.cpp; sourceTree = "<group>"; };
		A0A9C338200D5777007D5DE8 /* text_engine.cpp */ = {isa = PBXFileReference; fileEncoding = 4; lastKnownFileType = sourcecode.cpp.cpp; path = text_engine.cpp; sourceTree = "<group>"; };
		A0A9C33D200D5793007D5DE8 /* text_engine.h */ = {isa = PBXFileReference; fileEncoding = 4; lastKnownFileType = sourcecode.c.h; name = text_engine.h; path = ../../agge.text/text_engine.h; sourceTree = "<group>"; };
		A0A9C33E200D5793007D5DE8 /* hash_map.h */ = {isa = PBXFileReference; fileEncoding = 4; lastKnownFileType = sourcecode.c.h; name = hash_map.h; path = ../../agge.text/hash_map.h; sourceTree = "<group>"; };
		A0A9C33F200D5793007D5DE8 /* font.h */ = {isa = PBXFileReference; fileEncoding = 4; lastKnownFileType = sourcecode.c.h; name = font.h; path = ../../agge.text/font.h; sourceTree = "<group>"; };
		A0A9C340200D5793007D5DE8 /* shared_ptr.h */ = {isa = PBXFileReference; fileEncoding = 4; lastKnownFileType = sourcecode.c.h; name = shared_ptr.h; path = ../../agge.text/shared_ptr.h; sourceTree = "<group>"; };
		A0A9C341200D5793007D5DE8 /* glyph.h */ = {isa = PBXFileReference; fileEncoding = 4; lastKnownFileType = sourcecode.c.h; name = glyph.h; path = ../../agge.text/glyph.h; sourceTree = "<group>"; };
		A0A9C342200D5793007D5DE8 /* layout.h */ = {isa = PBXFileReference; fileEncoding = 4; lastKnownFileType = sourcecode.c.h; name = layout.h; path = ../../agge.text/layout.h; sourceTree = "<group>"; };
		A0A9C343200D5793007D5DE8 /* functional.h */ = {isa = PBXFileReference; fileEncoding = 4; lastKnownFileType = sourcecode.c.h; name = functional.h; path = ../../agge.text/functional.h; sourceTree = "<group>"; };
/* End PBXFileReference section */

/* Begin PBXFrameworksBuildPhase section */
		A0A9C32B200D5726007D5DE8 /* Frameworks */ = {
			isa = PBXFrameworksBuildPhase;
			buildActionMask = 2147483647;
			files = (
			);
			runOnlyForDeploymentPostprocessing = 0;
		};
/* End PBXFrameworksBuildPhase section */

/* Begin PBXGroup section */
		A0A9C325200D5726007D5DE8 = {
			isa = PBXGroup;
			children = (
				A0A9C33C200D577B007D5DE8 /* Library Headers */,
				A0A9C335200D576B007D5DE8 /* Source Files */,
				A0A9C32F200D5726007D5DE8 /* Products */,
			);
			sourceTree = "<group>";
		};
		A0A9C32F200D5726007D5DE8 /* Products */ = {
			isa = PBXGroup;
			children = (
				A0A9C32E200D5726007D5DE8 /* libagge.text.a */,
			);
			name = Products;
			sourceTree = "<group>";
		};
		A0A9C335200D576B007D5DE8 /* Source Files */ = {
			isa = PBXGroup;
			children = (
				A0A9C336200D5777007D5DE8 /* font.cpp */,
				A0A9C337200D5777007D5DE8 /* layout.cpp */,
				A0A9C338200D5777007D5DE8 /* text_engine.cpp */,
			);
			name = "Source Files";
			sourceTree = "<group>";
		};
		A0A9C33C200D577B007D5DE8 /* Library Headers */ = {
			isa = PBXGroup;
			children = (
				A0A9C33F200D5793007D5DE8 /* font.h */,
				A0A9C343200D5793007D5DE8 /* functional.h */,
				A0A9C341200D5793007D5DE8 /* glyph.h */,
				A0A9C33E200D5793007D5DE8 /* hash_map.h */,
				A0A9C342200D5793007D5DE8 /* layout.h */,
				A0A9C340200D5793007D5DE8 /* shared_ptr.h */,
				A0A9C33D200D5793007D5DE8 /* text_engine.h */,
			);
			name = "Library Headers";
			sourceTree = "<group>";
		};
/* End PBXGroup section */

/* Begin PBXHeadersBuildPhase section */
		A0A9C32C200D5726007D5DE8 /* Headers */ = {
			isa = PBXHeadersBuildPhase;
			buildActionMask = 2147483647;
			files = (
				A0A9C344200D5793007D5DE8 /* text_engine.h in Headers */,
				A0A9C345200D5793007D5DE8 /* hash_map.h in Headers */,
				A0A9C347200D5793007D5DE8 /* shared_ptr.h in Headers */,
				A0A9C348200D5793007D5DE8 /* glyph.h in Headers */,
				A0A9C349200D5793007D5DE8 /* layout.h in Headers */,
				A0A9C34A200D5793007D5DE8 /* functional.h in Headers */,
				A0A9C346200D5793007D5DE8 /* font.h in Headers */,
			);
			runOnlyForDeploymentPostprocessing = 0;
		};
/* End PBXHeadersBuildPhase section */

/* Begin PBXNativeTarget section */
		A0A9C32D200D5726007D5DE8 /* agge.text */ = {
			isa = PBXNativeTarget;
			buildConfigurationList = A0A9C332200D5726007D5DE8 /* Build configuration list for PBXNativeTarget "agge.text" */;
			buildPhases = (
				A0A9C32A200D5726007D5DE8 /* Sources */,
				A0A9C32B200D5726007D5DE8 /* Frameworks */,
				A0A9C32C200D5726007D5DE8 /* Headers */,
			);
			buildRules = (
			);
			dependencies = (
			);
			name = agge.text;
			productName = agge.text;
			productReference = A0A9C32E200D5726007D5DE8 /* libagge.text.a */;
			productType = "com.apple.product-type.library.static";
		};
/* End PBXNativeTarget section */

/* Begin PBXProject section */
		A0A9C326200D5726007D5DE8 /* Project object */ = {
			isa = PBXProject;
			attributes = {
				LastUpgradeCheck = 0920;
				TargetAttributes = {
					A0A9C32D200D5726007D5DE8 = {
						CreatedOnToolsVersion = 9.2;
						ProvisioningStyle = Automatic;
					};
				};
			};
			buildConfigurationList = A0A9C329200D5726007D5DE8 /* Build configuration list for PBXProject "agge.text" */;
			compatibilityVersion = "Xcode 8.0";
			developmentRegion = en;
			hasScannedForEncodings = 0;
			knownRegions = (
				en,
			);
			mainGroup = A0A9C325200D5726007D5DE8;
			productRefGroup = A0A9C32F200D5726007D5DE8 /* Products */;
			projectDirPath = "";
			projectRoot = "";
			targets = (
				A0A9C32D200D5726007D5DE8 /* agge.text */,
			);
		};
/* End PBXProject section */

/* Begin PBXSourcesBuildPhase section */
		A0A9C32A200D5726007D5DE8 /* Sources */ = {
			isa = PBXSourcesBuildPhase;
			buildActionMask = 2147483647;
			files = (
				A0A9C33B200D5777007D5DE8 /* text_engine.cpp in Sources */,
				A0A9C339200D5777007D5DE8 /* font.cpp in Sources */,
				A0A9C33A200D5777007D5DE8 /* layout.cpp in Sources */,
			);
			runOnlyForDeploymentPostprocessing = 0;
		};
/* End PBXSourcesBuildPhase section */

/* Begin XCBuildConfiguration section */
		A0A9C330200D5726007D5DE8 /* Debug */ = {
			isa = XCBuildConfiguration;
			buildSettings = {
				ALWAYS_SEARCH_USER_PATHS = NO;
				CLANG_ANALYZER_NONNULL = YES;
				CLANG_ANALYZER_NUMBER_OBJECT_CONVERSION = YES_AGGRESSIVE;
				CLANG_CXX_LANGUAGE_STANDARD = "gnu++14";
				CLANG_CXX_LIBRARY = "libc++";
				CLANG_ENABLE_MODULES = YES;
				CLANG_ENABLE_OBJC_ARC = YES;
				CLANG_WARN_BLOCK_CAPTURE_AUTORELEASING = YES;
				CLANG_WARN_BOOL_CONVERSION = YES;
				CLANG_WARN_COMMA = YES;
				CLANG_WARN_CONSTANT_CONVERSION = YES;
				CLANG_WARN_DIRECT_OBJC_ISA_USAGE = YES_ERROR;
				CLANG_WARN_DOCUMENTATION_COMMENTS = YES;
				CLANG_WARN_EMPTY_BODY = YES;
				CLANG_WARN_ENUM_CONVERSION = YES;
				CLANG_WARN_INFINITE_RECURSION = YES;
				CLANG_WARN_INT_CONVERSION = YES;
				CLANG_WARN_NON_LITERAL_NULL_CONVERSION = YES;
				CLANG_WARN_OBJC_LITERAL_CONVERSION = YES;
				CLANG_WARN_OBJC_ROOT_CLASS = YES_ERROR;
				CLANG_WARN_RANGE_LOOP_ANALYSIS = YES;
				CLANG_WARN_STRICT_PROTOTYPES = YES;
				CLANG_WARN_SUSPICIOUS_MOVE = YES;
				CLANG_WARN_UNGUARDED_AVAILABILITY = YES_AGGRESSIVE;
				CLANG_WARN_UNREACHABLE_CODE = YES;
				CLANG_WARN__DUPLICATE_METHOD_MATCH = YES;
				CODE_SIGN_IDENTITY = "-";
				COPY_PHASE_STRIP = NO;
				DEBUG_INFORMATION_FORMAT = dwarf;
				ENABLE_STRICT_OBJC_MSGSEND = YES;
				ENABLE_TESTABILITY = YES;
				GCC_C_LANGUAGE_STANDARD = gnu11;
				GCC_DYNAMIC_NO_PIC = NO;
				GCC_NO_COMMON_BLOCKS = YES;
				GCC_OPTIMIZATION_LEVEL = 0;
				GCC_PREPROCESSOR_DEFINITIONS = (
					"DEBUG=1",
					"$(inherited)",
				);
				GCC_WARN_64_TO_32_BIT_CONVERSION = YES;
				GCC_WARN_ABOUT_RETURN_TYPE = YES_ERROR;
				GCC_WARN_UNDECLARED_SELECTOR = YES;
				GCC_WARN_UNINITIALIZED_AUTOS = YES_AGGRESSIVE;
				GCC_WARN_UNUSED_FUNCTION = YES;
				GCC_WARN_UNUSED_VARIABLE = YES;
				MACOSX_DEPLOYMENT_TARGET = 10.13;
				MTL_ENABLE_DEBUG_INFO = YES;
				ONLY_ACTIVE_ARCH = YES;
				SDKROOT = macosx;
			};
			name = Debug;
		};
		A0A9C331200D5726007D5DE8 /* Release */ = {
			isa = XCBuildConfiguration;
			buildSettings = {
				ALWAYS_SEARCH_USER_PATHS = NO;
				CLANG_ANALYZER_NONNULL = YES;
				CLANG_ANALYZER_NUMBER_OBJECT_CONVERSION = YES_AGGRESSIVE;
				CLANG_CXX_LANGUAGE_STANDARD = "gnu++14";
				CLANG_CXX_LIBRARY = "libc++";
				CLANG_ENABLE_MODULES = YES;
				CLANG_ENABLE_OBJC_ARC = YES;
				CLANG_WARN_BLOCK_CAPTURE_AUTORELEASING = YES;
				CLANG_WARN_BOOL_CONVERSION = YES;
				CLANG_WARN_COMMA = YES;
				CLANG_WARN_CONSTANT_CONVERSION = YES;
				CLANG_WARN_DIRECT_OBJC_ISA_USAGE = YES_ERROR;
				CLANG_WARN_DOCUMENTATION_COMMENTS = YES;
				CLANG_WARN_EMPTY_BODY = YES;
				CLANG_WARN_ENUM_CONVERSION = YES;
				CLANG_WARN_INFINITE_RECURSION = YES;
				CLANG_WARN_INT_CONVERSION = YES;
				CLANG_WARN_NON_LITERAL_NULL_CONVERSION = YES;
				CLANG_WARN_OBJC_LITERAL_CONVERSION = YES;
				CLANG_WARN_OBJC_ROOT_CLASS = YES_ERROR;
				CLANG_WARN_RANGE_LOOP_ANALYSIS = YES;
				CLANG_WARN_STRICT_PROTOTYPES = YES;
				CLANG_WARN_SUSPICIOUS_MOVE = YES;
				CLANG_WARN_UNGUARDED_AVAILABILITY = YES_AGGRESSIVE;
				CLANG_WARN_UNREACHABLE_CODE = YES;
				CLANG_WARN__DUPLICATE_METHOD_MATCH = YES;
				CODE_SIGN_IDENTITY = "-";
				COPY_PHASE_STRIP = NO;
				DEBUG_INFORMATION_FORMAT = "dwarf-with-dsym";
				ENABLE_NS_ASSERTIONS = NO;
				ENABLE_STRICT_OBJC_MSGSEND = YES;
				GCC_C_LANGUAGE_STANDARD = gnu11;
				GCC_NO_COMMON_BLOCKS = YES;
				GCC_WARN_64_TO_32_BIT_CONVERSION = YES;
				GCC_WARN_ABOUT_RETURN_TYPE = YES_ERROR;
				GCC_WARN_UNDECLARED_SELECTOR = YES;
				GCC_WARN_UNINITIALIZED_AUTOS = YES_AGGRESSIVE;
				GCC_WARN_UNUSED_FUNCTION = YES;
				GCC_WARN_UNUSED_VARIABLE = YES;
				MACOSX_DEPLOYMENT_TARGET = 10.13;
				MTL_ENABLE_DEBUG_INFO = NO;
				SDKROOT = macosx;
			};
			name = Release;
		};
		A0A9C333200D5726007D5DE8 /* Debug */ = {
			isa = XCBuildConfiguration;
			buildSettings = {
				CODE_SIGN_STYLE = Automatic;
				EXECUTABLE_PREFIX = lib;
				HEADER_SEARCH_PATHS = ../..;
				PRODUCT_NAME = "$(TARGET_NAME)";
			};
			name = Debug;
		};
		A0A9C334200D5726007D5DE8 /* Release */ = {
			isa = XCBuildConfiguration;
			buildSettings = {
				CODE_SIGN_STYLE = Automatic;
				EXECUTABLE_PREFIX = lib;
				HEADER_SEARCH_PATHS = ../..;
				PRODUCT_NAME = "$(TARGET_NAME)";
			};
			name = Release;
		};
/* End XCBuildConfiguration section */

/* Begin XCConfigurationList section */
		A0A9C329200D5726007D5DE8 /* Build configuration list for PBXProject "agge.text" */ = {
			isa = XCConfigurationList;
			buildConfigurations = (
				A0A9C330200D5726007D5DE8 /* Debug */,
				A0A9C331200D5726007D5DE8 /* Release */,
			);
			defaultConfigurationIsVisible = 0;
			defaultConfigurationName = Release;
		};
		A0A9C332200D5726007D5DE8 /* Build configuration list for PBXNativeTarget "agge.text" */ = {
			isa = XCConfigurationList;
			buildConfigurations = (
				A0A9C333200D5726007D5DE8 /* Debug */,
				A0A9C334200D5726007D5DE8 /* Release */,
			);
			defaultConfigurationIsVisible = 0;
			defaultConfigurationName = Release;
		};
/* End XCConfigurationList section */
	};
	rootObject = A0A9C326200D5726007D5DE8 /* Project object */;
}
