<?xml version="1.0" encoding="utf-8"?>
<Project ToolsVersion="4.0" xmlns="http://schemas.microsoft.com/developer/msbuild/2003">
  <ItemGroup>
    <Filter Include="aggx">
      <UniqueIdentifier>{8f0cdd0a-dbaf-454d-ae4c-01f527844220}</UniqueIdentifier>
    </Filter>
    <Filter Include="app">
      <UniqueIdentifier>{b7023c98-8eed-4d81-a222-a09c24068b31}</UniqueIdentifier>
    </Filter>
    <Filter Include="app\src">
      <UniqueIdentifier>{4cba4ded-2605-4011-a692-a73c6c5d3517}</UniqueIdentifier>
    </Filter>
    <Filter Include="app\src\impression">
      <UniqueIdentifier>{8d0c3256-b698-4f3b-97e0-c1582643e9eb}</UniqueIdentifier>
    </Filter>
    <Filter Include="app\src\impression\sandbox">
      <UniqueIdentifier>{75af863e-5bd7-459c-84de-7a0a0adf5f02}</UniqueIdentifier>
    </Filter>
    <Filter Include="app\res">
      <UniqueIdentifier>{d57a8987-52dc-4d8f-a412-aa9ec09ec603}</UniqueIdentifier>
    </Filter>
    <Filter Include="app\res\layout">
      <UniqueIdentifier>{a5f71a5c-f5c7-4f39-b42e-f9d81ce13fb6}</UniqueIdentifier>
    </Filter>
    <Filter Include="app\res\values">
      <UniqueIdentifier>{c306a213-5711-4498-ae8e-f512586064f8}</UniqueIdentifier>
    </Filter>
  </ItemGroup>
  <ItemGroup>
    <None Include="AndroidApk\src\impression\sandbox\Sandbox.java">
      <Filter>app\src\impression\sandbox</Filter>
    </None>
    <None Include="AndroidApk\src\impression\sandbox\SandboxView.java">
      <Filter>app\src\impression\sandbox</Filter>
    </None>
    <None Include="AndroidApk\AndroidManifest.xml">
      <Filter>app</Filter>
    </None>
    <None Include="AndroidApk\build.xml">
      <Filter>app</Filter>
    </None>
    <None Include="AndroidApk\project.properties">
      <Filter>app</Filter>
    </None>
    <None Include="AndroidApk\res\values\strings.xml">
      <Filter>app\res\values</Filter>
    </None>
    <None Include="AndroidApk\res\layout\main.xml">
      <Filter>app\res\layout</Filter>
    </None>
  </ItemGroup>
  <ItemGroup>
    <ClCompile Include="..\..\libraries\aggx\agg_vcgen_stroke.cpp">
      <Filter>aggx</Filter>
    </ClCompile>
    <ClCompile Include="..\..\libraries\aggx\rasterizer.cpp">
      <Filter>aggx</Filter>
    </ClCompile>
    <ClCompile Include="..\..\libraries\aggx\rasterizer_cells.cpp">
      <Filter>aggx</Filter>
    </ClCompile>
    <ClCompile Include="sandbox_view.cpp" />
  </ItemGroup>
</Project>