<?xml version="1.0" encoding="utf-8"?>
<Project ToolsVersion="4.0" xmlns="http://schemas.microsoft.com/developer/msbuild/2003">
  <ItemGroup>
    <ClCompile Include="text.cpp" />
  </ItemGroup>
  <ItemGroup>
    <Filter Include="android">
      <UniqueIdentifier>{e764482c-e2d3-4c6d-96f2-31ed302c36e1}</UniqueIdentifier>
    </Filter>
  </ItemGroup>
  <ItemGroup>
    <None Include="AndroidManifest.xml">
      <Filter>android</Filter>
    </None>
    <None Include="build.xml">
      <Filter>android</Filter>
    </None>
    <None Include="project.properties">
      <Filter>android</Filter>
    </None>
  </ItemGroup>
</Project>