// !$*UTF8*$!
{
	archiveVersion = 1;
	classes = {
	};
	objectVersion = 48;
	objects = {

/* Begin PBXBuildFile section */
		A08B57FC200D2E3400EB0790 /* vector_rasterizer.cpp in Sources */ = {isa = PBXBuildFile; fileRef = A08B57EE200D2E3300EB0790 /* vector_rasterizer.cpp */; };
		A08B57FD200D2E3400EB0790 /* thread.h in Headers */ = {isa = PBXBuildFile; fileRef = A08B57EF200D2E3300EB0790 /* thread.h */; };
		A08B57FE200D2E3400EB0790 /* parallel.cpp in Sources */ = {isa = PBXBuildFile; fileRef = A08B57F0200D2E3400EB0790 /* parallel.cpp */; };
		A08B57FF200D2E3400EB0790 /* curves.cpp in Sources */ = {isa = PBXBuildFile; fileRef = A08B57F1200D2E3400EB0790 /* curves.cpp */; };
		A08B5800200D2E3400EB0790 /* hybrid_event.cpp in Sources */ = {isa = PBXBuildFile; fileRef = A08B57F2200D2E3400EB0790 /* hybrid_event.cpp */; };
		A08B5801200D2E3400EB0790 /* intrinsic.h in Headers */ = {isa = PBXBuildFile; fileRef = A08B57F3200D2E3400EB0790 /* intrinsic.h */; };
		A08B5802200D2E3400EB0790 /* math.cpp in Sources */ = {isa = PBXBuildFile; fileRef = A08B57F4200D2E3400EB0790 /* math.cpp */; };
		A08B5803200D2E3400EB0790 /* hybrid_event.h in Headers */ = {isa = PBXBuildFile; fileRef = A08B57F5200D2E3400EB0790 /* hybrid_event.h */; };
		A08B5804200D2E3400EB0790 /* figures.cpp in Sources */ = {isa = PBXBuildFile; fileRef = A08B57F6200D2E3400EB0790 /* figures.cpp */; };
		A08B5805200D2E3400EB0790 /* stroke.cpp in Sources */ = {isa = PBXBuildFile; fileRef = A08B57F7200D2E3400EB0790 /* stroke.cpp */; };
		A08B5806200D2E3400EB0790 /* blenders_intel.cpp in Sources */ = {isa = PBXBuildFile; fileRef = A08B57F8200D2E3400EB0790 /* blenders_intel.cpp */; };
		A08B5807200D2E3400EB0790 /* stroke_features.cpp in Sources */ = {isa = PBXBuildFile; fileRef = A08B57F9200D2E3400EB0790 /* stroke_features.cpp */; };
		A08B5808200D2E3400EB0790 /* handle.h in Headers */ = {isa = PBXBuildFile; fileRef = A08B57FA200D2E3400EB0790 /* handle.h */; };
		A08B5809200D2E3400EB0790 /* dash.cpp in Sources */ = {isa = PBXBuildFile; fileRef = A08B57FB200D2E3400EB0790 /* dash.cpp */; };
		A08B580D200D2F1400EB0790 /* semaphore.cpp in Sources */ = {isa = PBXBuildFile; fileRef = A08B580C200D2F1400EB0790 /* semaphore.cpp */; };
		A08B5811200D2F4500EB0790 /* thread.cpp in Sources */ = {isa = PBXBuildFile; fileRef = A08B580F200D2F4500EB0790 /* thread.cpp */; };
		A08B5812200D2F4500EB0790 /* intrinsic.cpp in Sources */ = {isa = PBXBuildFile; fileRef = A08B5810200D2F4500EB0790 /* intrinsic.cpp */; };
		A08B582E200D2F7D00EB0790 /* blenders.h in Headers */ = {isa = PBXBuildFile; fileRef = A08B5813200D2F7900EB0790 /* blenders.h */; };
		A08B582F200D2F7D00EB0790 /* renderer_parallel.h in Headers */ = {isa = PBXBuildFile; fileRef = A08B5814200D2F7A00EB0790 /* renderer_parallel.h */; };
		A08B5830200D2F7D00EB0790 /* config.h in Headers */ = {isa = PBXBuildFile; fileRef = A08B5815200D2F7A00EB0790 /* config.h */; };
		A08B5831200D2F7D00EB0790 /* stroke_features.h in Headers */ = {isa = PBXBuildFile; fileRef = A08B5816200D2F7A00EB0790 /* stroke_features.h */; };
		A08B5832200D2F7D00EB0790 /* memory.h in Headers */ = {isa = PBXBuildFile; fileRef = A08B5817200D2F7A00EB0790 /* memory.h */; };
		A08B5833200D2F7D00EB0790 /* vertex_sequence.h in Headers */ = {isa = PBXBuildFile; fileRef = A08B5818200D2F7A00EB0790 /* vertex_sequence.h */; };
		A08B5834200D2F7D00EB0790 /* filling_rules.h in Headers */ = {isa = PBXBuildFile; fileRef = A08B5819200D2F7A00EB0790 /* filling_rules.h */; };
		A08B5835200D2F7D00EB0790 /* path.h in Headers */ = {isa = PBXBuildFile; fileRef = A08B581A200D2F7A00EB0790 /* path.h */; };
		A08B5836200D2F7D00EB0790 /* rasterizer.h in Headers */ = {isa = PBXBuildFile; fileRef = A08B581B200D2F7A00EB0790 /* rasterizer.h */; };
		A08B5837200D2F7D00EB0790 /* tools.h in Headers */ = {isa = PBXBuildFile; fileRef = A08B581C200D2F7A00EB0790 /* tools.h */; };
		A08B5838200D2F7D00EB0790 /* scanline.h in Headers */ = {isa = PBXBuildFile; fileRef = A08B581D200D2F7A00EB0790 /* scanline.h */; };
		A08B5839200D2F7D00EB0790 /* blenders_generic.h in Headers */ = {isa = PBXBuildFile; fileRef = A08B581E200D2F7A00EB0790 /* blenders_generic.h */; };
		A08B583A200D2F7D00EB0790 /* stroke.h in Headers */ = {isa = PBXBuildFile; fileRef = A08B581F200D2F7A00EB0790 /* stroke.h */; };
		A08B583B200D2F7D00EB0790 /* math.h in Headers */ = {isa = PBXBuildFile; fileRef = A08B5820200D2F7B00EB0790 /* math.h */; };
		A08B583C200D2F7D00EB0790 /* figures.h in Headers */ = {isa = PBXBuildFile; fileRef = A08B5821200D2F7B00EB0790 /* figures.h */; };
		A08B583D200D2F7D00EB0790 /* pixel.h in Headers */ = {isa = PBXBuildFile; fileRef = A08B5822200D2F7B00EB0790 /* pixel.h */; };
		A08B583E200D2F7D00EB0790 /* blenders_simd.h in Headers */ = {isa = PBXBuildFile; fileRef = A08B5823200D2F7B00EB0790 /* blenders_simd.h */; };
		A08B583F200D2F7D00EB0790 /* pod_vector.h in Headers */ = {isa = PBXBuildFile; fileRef = A08B5824200D2F7B00EB0790 /* pod_vector.h */; };
		A08B5840200D2F7D00EB0790 /* renderer.h in Headers */ = {isa = PBXBuildFile; fileRef = A08B5825200D2F7B00EB0790 /* renderer.h */; };
		A08B5841200D2F7D00EB0790 /* curves.h in Headers */ = {isa = PBXBuildFile; fileRef = A08B5826200D2F7B00EB0790 /* curves.h */; };
		A08B5842200D2F7D00EB0790 /* bitmap.h in Headers */ = {isa = PBXBuildFile; fileRef = A08B5827200D2F7C00EB0790 /* bitmap.h */; };
		A08B5843200D2F7D00EB0790 /* dash.h in Headers */ = {isa = PBXBuildFile; fileRef = A08B5828200D2F7C00EB0790 /* dash.h */; };
		A08B5844200D2F7D00EB0790 /* vector_rasterizer.h in Headers */ = {isa = PBXBuildFile; fileRef = A08B5829200D2F7C00EB0790 /* vector_rasterizer.h */; };
		A08B5845200D2F7D00EB0790 /* precise_delta.h in Headers */ = {isa = PBXBuildFile; fileRef = A08B582A200D2F7C00EB0790 /* precise_delta.h */; };
		A08B5846200D2F7D00EB0790 /* types.h in Headers */ = {isa = PBXBuildFile; fileRef = A08B582B200D2F7C00EB0790 /* types.h */; };
		A08B5847200D2F7D00EB0790 /* clipper.h in Headers */ = {isa = PBXBuildFile; fileRef = A08B582C200D2F7C00EB0790 /* clipper.h */; };
		A08B5848200D2F7D00EB0790 /* parallel.h in Headers */ = {isa = PBXBuildFile; fileRef = A08B582D200D2F7C00EB0790 /* parallel.h */; };
/* End PBXBuildFile section */

/* Begin PBXFileReference section */
		A08B57E6200D2D7200EB0790 /* libagge.a */ = {isa = PBXFileReference; explicitFileType = archive.ar; includeInIndex = 0; path = libagge.a; sourceTree = BUILT_PRODUCTS_DIR; };
		A08B57EE200D2E3300EB0790 /* vector_rasterizer.cpp */ = {isa = PBXFileReference; fileEncoding = 4; lastKnownFileType = sourcecode.cpp.cpp; path = vector_rasterizer.cpp; sourceTree = SOURCE_ROOT; };
		A08B57EF200D2E3300EB0790 /* thread.h */ = {isa = PBXFileReference; fileEncoding = 4; lastKnownFileType = sourcecode.c.h; path = thread.h; sourceTree = SOURCE_ROOT; };
		A08B57F0200D2E3400EB0790 /* parallel.cpp */ = {isa = PBXFileReference; fileEncoding = 4; lastKnownFileType = sourcecode.cpp.cpp; path = parallel.cpp; sourceTree = SOURCE_ROOT; };
		A08B57F1200D2E3400EB0790 /* curves.cpp */ = {isa = PBXFileReference; fileEncoding = 4; lastKnownFileType = sourcecode.cpp.cpp; path = curves.cpp; sourceTree = SOURCE_ROOT; };
		A08B57F2200D2E3400EB0790 /* hybrid_event.cpp */ = {isa = PBXFileReference; fileEncoding = 4; lastKnownFileType = sourcecode.cpp.cpp; path = hybrid_event.cpp; sourceTree = SOURCE_ROOT; };
		A08B57F3200D2E3400EB0790 /* intrinsic.h */ = {isa = PBXFileReference; fileEncoding = 4; lastKnownFileType = sourcecode.c.h; path = intrinsic.h; sourceTree = SOURCE_ROOT; };
		A08B57F4200D2E3400EB0790 /* math.cpp */ = {isa = PBXFileReference; fileEncoding = 4; lastKnownFileType = sourcecode.cpp.cpp; path = math.cpp; sourceTree = SOURCE_ROOT; };
		A08B57F5200D2E3400EB0790 /* hybrid_event.h */ = {isa = PBXFileReference; fileEncoding = 4; lastKnownFileType = sourcecode.c.h; path = hybrid_event.h; sourceTree = SOURCE_ROOT; };
		A08B57F6200D2E3400EB0790 /* figures.cpp */ = {isa = PBXFileReference; fileEncoding = 4; lastKnownFileType = sourcecode.cpp.cpp; path = figures.cpp; sourceTree = SOURCE_ROOT; };
		A08B57F7200D2E3400EB0790 /* stroke.cpp */ = {isa = PBXFileReference; fileEncoding = 4; lastKnownFileType = sourcecode.cpp.cpp; path = stroke.cpp; sourceTree = SOURCE_ROOT; };
		A08B57F8200D2E3400EB0790 /* blenders_intel.cpp */ = {isa = PBXFileReference; fileEncoding = 4; lastKnownFileType = sourcecode.cpp.cpp; path = blenders_intel.cpp; sourceTree = SOURCE_ROOT; };
		A08B57F9200D2E3400EB0790 /* stroke_features.cpp */ = {isa = PBXFileReference; fileEncoding = 4; lastKnownFileType = sourcecode.cpp.cpp; path = stroke_features.cpp; sourceTree = SOURCE_ROOT; };
		A08B57FA200D2E3400EB0790 /* handle.h */ = {isa = PBXFileReference; fileEncoding = 4; lastKnownFileType = sourcecode.c.h; path = handle.h; sourceTree = SOURCE_ROOT; };
		A08B57FB200D2E3400EB0790 /* dash.cpp */ = {isa = PBXFileReference; fileEncoding = 4; lastKnownFileType = sourcecode.cpp.cpp; path = dash.cpp; sourceTree = SOURCE_ROOT; };
		A08B580C200D2F1400EB0790 /* semaphore.cpp */ = {isa = PBXFileReference; fileEncoding = 4; lastKnownFileType = sourcecode.cpp.cpp; name = semaphore.cpp; path = platform/apple/semaphore.cpp; sourceTree = SOURCE_ROOT; };
		A08B580F200D2F4500EB0790 /* thread.cpp */ = {isa = PBXFileReference; fileEncoding = 4; lastKnownFileType = sourcecode.cpp.cpp; name = thread.cpp; path = platform/unix/thread.cpp; sourceTree = SOURCE_ROOT; };
		A08B5810200D2F4500EB0790 /* intrinsic.cpp */ = {isa = PBXFileReference; fileEncoding = 4; lastKnownFileType = sourcecode.cpp.cpp; name = intrinsic.cpp; path = platform/unix/intrinsic.cpp; sourceTree = SOURCE_ROOT; };
		A08B5813200D2F7900EB0790 /* blenders.h */ = {isa = PBXFileReference; fileEncoding = 4; lastKnownFileType = sourcecode.c.h; name = blenders.h; path = ../../agge/blenders.h; sourceTree = "<group>"; };
		A08B5814200D2F7A00EB0790 /* renderer_parallel.h */ = {isa = PBXFileReference; fileEncoding = 4; lastKnownFileType = sourcecode.c.h; name = renderer_parallel.h; path = ../../agge/renderer_parallel.h; sourceTree = "<group>"; };
		A08B5815200D2F7A00EB0790 /* config.h */ = {isa = PBXFileReference; fileEncoding = 4; lastKnownFileType = sourcecode.c.h; name = config.h; path = ../../agge/config.h; sourceTree = "<group>"; };
		A08B5816200D2F7A00EB0790 /* stroke_features.h */ = {isa = PBXFileReference; fileEncoding = 4; lastKnownFileType = sourcecode.c.h; name = stroke_features.h; path = ../../agge/stroke_features.h; sourceTree = "<group>"; };
		A08B5817200D2F7A00EB0790 /* memory.h */ = {isa = PBXFileReference; fileEncoding = 4; lastKnownFileType = sourcecode.c.h; name = memory.h; path = ../../agge/memory.h; sourceTree = "<group>"; };
		A08B5818200D2F7A00EB0790 /* vertex_sequence.h */ = {isa = PBXFileReference; fileEncoding = 4; lastKnownFileType = sourcecode.c.h; name = vertex_sequence.h; path = ../../agge/vertex_sequence.h; sourceTree = "<group>"; };
		A08B5819200D2F7A00EB0790 /* filling_rules.h */ = {isa = PBXFileReference; fileEncoding = 4; lastKnownFileType = sourcecode.c.h; name = filling_rules.h; path = ../../agge/filling_rules.h; sourceTree = "<group>"; };
		A08B581A200D2F7A00EB0790 /* path.h */ = {isa = PBXFileReference; fileEncoding = 4; lastKnownFileType = sourcecode.c.h; name = path.h; path = ../../agge/path.h; sourceTree = "<group>"; };
		A08B581B200D2F7A00EB0790 /* rasterizer.h */ = {isa = PBXFileReference; fileEncoding = 4; lastKnownFileType = sourcecode.c.h; name = rasterizer.h; path = ../../agge/rasterizer.h; sourceTree = "<group>"; };
		A08B581C200D2F7A00EB0790 /* tools.h */ = {isa = PBXFileReference; fileEncoding = 4; lastKnownFileType = sourcecode.c.h; name = tools.h; path = ../../agge/tools.h; sourceTree = "<group>"; };
		A08B581D200D2F7A00EB0790 /* scanline.h */ = {isa = PBXFileReference; fileEncoding = 4; lastKnownFileType = sourcecode.c.h; name = scanline.h; path = ../../agge/scanline.h; sourceTree = "<group>"; };
		A08B581E200D2F7A00EB0790 /* blenders_generic.h */ = {isa = PBXFileReference; fileEncoding = 4; lastKnownFileType = sourcecode.c.h; name = blenders_generic.h; path = ../../agge/blenders_generic.h; sourceTree = "<group>"; };
		A08B581F200D2F7A00EB0790 /* stroke.h */ = {isa = PBXFileReference; fileEncoding = 4; lastKnownFileType = sourcecode.c.h; name = stroke.h; path = ../../agge/stroke.h; sourceTree = "<group>"; };
		A08B5820200D2F7B00EB0790 /* math.h */ = {isa = PBXFileReference; fileEncoding = 4; lastKnownFileType = sourcecode.c.h; name = math.h; path = ../../agge/math.h; sourceTree = "<group>"; };
		A08B5821200D2F7B00EB0790 /* figures.h */ = {isa = PBXFileReference; fileEncoding = 4; lastKnownFileType = sourcecode.c.h; name = figures.h; path = ../../agge/figures.h; sourceTree = "<group>"; };
		A08B5822200D2F7B00EB0790 /* pixel.h */ = {isa = PBXFileReference; fileEncoding = 4; lastKnownFileType = sourcecode.c.h; name = pixel.h; path = ../../agge/pixel.h; sourceTree = "<group>"; };
		A08B5823200D2F7B00EB0790 /* blenders_simd.h */ = {isa = PBXFileReference; fileEncoding = 4; lastKnownFileType = sourcecode.c.h; name = blenders_simd.h; path = ../../agge/blenders_simd.h; sourceTree = "<group>"; };
		A08B5824200D2F7B00EB0790 /* pod_vector.h */ = {isa = PBXFileReference; fileEncoding = 4; lastKnownFileType = sourcecode.c.h; name = pod_vector.h; path = ../../agge/pod_vector.h; sourceTree = "<group>"; };
		A08B5825200D2F7B00EB0790 /* renderer.h */ = {isa = PBXFileReference; fileEncoding = 4; lastKnownFileType = sourcecode.c.h; name = renderer.h; path = ../../agge/renderer.h; sourceTree = "<group>"; };
		A08B5826200D2F7B00EB0790 /* curves.h */ = {isa = PBXFileReference; fileEncoding = 4; lastKnownFileType = sourcecode.c.h; name = curves.h; path = ../../agge/curves.h; sourceTree = "<group>"; };
		A08B5827200D2F7C00EB0790 /* bitmap.h */ = {isa = PBXFileReference; fileEncoding = 4; lastKnownFileType = sourcecode.c.h; name = bitmap.h; path = ../../agge/bitmap.h; sourceTree = "<group>"; };
		A08B5828200D2F7C00EB0790 /* dash.h */ = {isa = PBXFileReference; fileEncoding = 4; lastKnownFileType = sourcecode.c.h; name = dash.h; path = ../../agge/dash.h; sourceTree = "<group>"; };
		A08B5829200D2F7C00EB0790 /* vector_rasterizer.h */ = {isa = PBXFileReference; fileEncoding = 4; lastKnownFileType = sourcecode.c.h; name = vector_rasterizer.h; path = ../../agge/vector_rasterizer.h; sourceTree = "<group>"; };
		A08B582A200D2F7C00EB0790 /* precise_delta.h */ = {isa = PBXFileReference; fileEncoding = 4; lastKnownFileType = sourcecode.c.h; name = precise_delta.h; path = ../../agge/precise_delta.h; sourceTree = "<group>"; };
		A08B582B200D2F7C00EB0790 /* types.h */ = {isa = PBXFileReference; fileEncoding = 4; lastKnownFileType = sourcecode.c.h; name = types.h; path = ../../agge/types.h; sourceTree = "<group>"; };
		A08B582C200D2F7C00EB0790 /* clipper.h */ = {isa = PBXFileReference; fileEncoding = 4; lastKnownFileType = sourcecode.c.h; name = clipper.h; path = ../../agge/clipper.h; sourceTree = "<group>"; };
		A08B582D200D2F7C00EB0790 /* parallel.h */ = {isa = PBXFileReference; fileEncoding = 4; lastKnownFileType = sourcecode.c.h; name = parallel.h; path = ../../agge/parallel.h; sourceTree = "<group>"; };
/* End PBXFileReference section */

/* Begin PBXFrameworksBuildPhase section */
		A08B57E3200D2D7200EB0790 /* Frameworks */ = {
			isa = PBXFrameworksBuildPhase;
			buildActionMask = 2147483647;
			files = (
			);
			runOnlyForDeploymentPostprocessing = 0;
		};
/* End PBXFrameworksBuildPhase section */

/* Begin PBXGroup section */
		A08B57DD200D2D7200EB0790 = {
			isa = PBXGroup;
			children = (
				A08B5849200D304F00EB0790 /* Library Headers */,
				A08B57ED200D2DE900EB0790 /* Source Files */,
				A08B57E7200D2D7200EB0790 /* Products */,
			);
			sourceTree = "<group>";
			wrapsLines = 0;
		};
		A08B57E7200D2D7200EB0790 /* Products */ = {
			isa = PBXGroup;
			children = (
				A08B57E6200D2D7200EB0790 /* libagge.a */,
			);
			name = Products;
			sourceTree = "<group>";
		};
		A08B57ED200D2DE900EB0790 /* Source Files */ = {
			isa = PBXGroup;
			children = (
				A08B580A200D2EDF00EB0790 /* platform */,
				A08B57F8200D2E3400EB0790 /* blenders_intel.cpp */,
				A08B57F1200D2E3400EB0790 /* curves.cpp */,
				A08B57FB200D2E3400EB0790 /* dash.cpp */,
				A08B57F6200D2E3400EB0790 /* figures.cpp */,
				A08B57FA200D2E3400EB0790 /* handle.h */,
				A08B57F2200D2E3400EB0790 /* hybrid_event.cpp */,
				A08B57F5200D2E3400EB0790 /* hybrid_event.h */,
				A08B57F3200D2E3400EB0790 /* intrinsic.h */,
				A08B57F4200D2E3400EB0790 /* math.cpp */,
				A08B57F0200D2E3400EB0790 /* parallel.cpp */,
				A08B57F9200D2E3400EB0790 /* stroke_features.cpp */,
				A08B57F7200D2E3400EB0790 /* stroke.cpp */,
				A08B57EF200D2E3300EB0790 /* thread.h */,
				A08B57EE200D2E3300EB0790 /* vector_rasterizer.cpp */,
			);
			path = "Source Files";
			sourceTree = "<group>";
		};
		A08B580A200D2EDF00EB0790 /* platform */ = {
			isa = PBXGroup;
			children = (
				A08B580E200D2F3400EB0790 /* unix */,
				A08B580B200D2F0500EB0790 /* apple */,
			);
			name = platform;
			sourceTree = "<group>";
		};
		A08B580B200D2F0500EB0790 /* apple */ = {
			isa = PBXGroup;
			children = (
				A08B580C200D2F1400EB0790 /* semaphore.cpp */,
			);
			name = apple;
			sourceTree = "<group>";
		};
		A08B580E200D2F3400EB0790 /* unix */ = {
			isa = PBXGroup;
			children = (
				A08B5810200D2F4500EB0790 /* intrinsic.cpp */,
				A08B580F200D2F4500EB0790 /* thread.cpp */,
			);
			name = unix;
			sourceTree = "<group>";
		};
		A08B5849200D304F00EB0790 /* Library Headers */ = {
			isa = PBXGroup;
			children = (
				A08B584A200D307C00EB0790 /* platform */,
				A08B5827200D2F7C00EB0790 /* bitmap.h */,
				A08B581E200D2F7A00EB0790 /* blenders_generic.h */,
				A08B5823200D2F7B00EB0790 /* blenders_simd.h */,
				A08B5813200D2F7900EB0790 /* blenders.h */,
				A08B582C200D2F7C00EB0790 /* clipper.h */,
				A08B5815200D2F7A00EB0790 /* config.h */,
				A08B5826200D2F7B00EB0790 /* curves.h */,
				A08B5828200D2F7C00EB0790 /* dash.h */,
				A08B5821200D2F7B00EB0790 /* figures.h */,
				A08B5819200D2F7A00EB0790 /* filling_rules.h */,
				A08B5820200D2F7B00EB0790 /* math.h */,
				A08B5817200D2F7A00EB0790 /* memory.h */,
				A08B582D200D2F7C00EB0790 /* parallel.h */,
				A08B581A200D2F7A00EB0790 /* path.h */,
				A08B5822200D2F7B00EB0790 /* pixel.h */,
				A08B5824200D2F7B00EB0790 /* pod_vector.h */,
				A08B582A200D2F7C00EB0790 /* precise_delta.h */,
				A08B581B200D2F7A00EB0790 /* rasterizer.h */,
				A08B5814200D2F7A00EB0790 /* renderer_parallel.h */,
				A08B5825200D2F7B00EB0790 /* renderer.h */,
				A08B581D200D2F7A00EB0790 /* scanline.h */,
				A08B5816200D2F7A00EB0790 /* stroke_features.h */,
				A08B581F200D2F7A00EB0790 /* stroke.h */,
				A08B581C200D2F7A00EB0790 /* tools.h */,
				A08B582B200D2F7C00EB0790 /* types.h */,
				A08B5829200D2F7C00EB0790 /* vector_rasterizer.h */,
				A08B5818200D2F7A00EB0790 /* vertex_sequence.h */,
			);
			name = "Library Headers";
			sourceTree = "<group>";
		};
		A08B584A200D307C00EB0790 /* platform */ = {
			isa = PBXGroup;
			children = (
				A08B584B200D30DA00EB0790 /* apple */,
			);
			name = platform;
			sourceTree = "<group>";
		};
		A08B584B200D30DA00EB0790 /* apple */ = {
			isa = PBXGroup;
			children = (
			);
			name = apple;
			sourceTree = "<group>";
		};
/* End PBXGroup section */

/* Begin PBXHeadersBuildPhase section */
		A08B57E4200D2D7200EB0790 /* Headers */ = {
			isa = PBXHeadersBuildPhase;
			buildActionMask = 2147483647;
			files = (
				A08B5843200D2F7D00EB0790 /* dash.h in Headers */,
				A08B582F200D2F7D00EB0790 /* renderer_parallel.h in Headers */,
				A08B583C200D2F7D00EB0790 /* figures.h in Headers */,
				A08B5801200D2E3400EB0790 /* intrinsic.h in Headers */,
				A08B5832200D2F7D00EB0790 /* memory.h in Headers */,
				A08B5845200D2F7D00EB0790 /* precise_delta.h in Headers */,
				A08B5839200D2F7D00EB0790 /* blenders_generic.h in Headers */,
				A08B5834200D2F7D00EB0790 /* filling_rules.h in Headers */,
				A08B5837200D2F7D00EB0790 /* tools.h in Headers */,
				A08B5803200D2E3400EB0790 /* hybrid_event.h in Headers */,
				A08B5835200D2F7D00EB0790 /* path.h in Headers */,
				A08B583B200D2F7D00EB0790 /* math.h in Headers */,
				A08B5844200D2F7D00EB0790 /* vector_rasterizer.h in Headers */,
				A08B5808200D2E3400EB0790 /* handle.h in Headers */,
				A08B5846200D2F7D00EB0790 /* types.h in Headers */,
				A08B583D200D2F7D00EB0790 /* pixel.h in Headers */,
				A08B583A200D2F7D00EB0790 /* stroke.h in Headers */,
				A08B5842200D2F7D00EB0790 /* bitmap.h in Headers */,
				A08B583E200D2F7D00EB0790 /* blenders_simd.h in Headers */,
				A08B57FD200D2E3400EB0790 /* thread.h in Headers */,
				A08B5831200D2F7D00EB0790 /* stroke_features.h in Headers */,
				A08B582E200D2F7D00EB0790 /* blenders.h in Headers */,
				A08B583F200D2F7D00EB0790 /* pod_vector.h in Headers */,
				A08B5830200D2F7D00EB0790 /* config.h in Headers */,
				A08B5848200D2F7D00EB0790 /* parallel.h in Headers */,
				A08B5847200D2F7D00EB0790 /* clipper.h in Headers */,
				A08B5838200D2F7D00EB0790 /* scanline.h in Headers */,
				A08B5840200D2F7D00EB0790 /* renderer.h in Headers */,
				A08B5836200D2F7D00EB0790 /* rasterizer.h in Headers */,
				A08B5841200D2F7D00EB0790 /* curves.h in Headers */,
				A08B5833200D2F7D00EB0790 /* vertex_sequence.h in Headers */,
			);
			runOnlyForDeploymentPostprocessing = 0;
		};
/* End PBXHeadersBuildPhase section */

/* Begin PBXNativeTarget section */
		A08B57E5200D2D7200EB0790 /* agge */ = {
			isa = PBXNativeTarget;
			buildConfigurationList = A08B57EA200D2D7200EB0790 /* Build configuration list for PBXNativeTarget "agge" */;
			buildPhases = (
				A08B57E2200D2D7200EB0790 /* Sources */,
				A08B57E3200D2D7200EB0790 /* Frameworks */,
				A08B57E4200D2D7200EB0790 /* Headers */,
			);
			buildRules = (
			);
			dependencies = (
			);
			name = agge;
			productName = agge;
			productReference = A08B57E6200D2D7200EB0790 /* libagge.a */;
			productType = "com.apple.product-type.library.static";
		};
/* End PBXNativeTarget section */

/* Begin PBXProject section */
		A08B57DE200D2D7200EB0790 /* Project object */ = {
			isa = PBXProject;
			attributes = {
				LastUpgradeCheck = 0920;
				ORGANIZATIONNAME = "";
				TargetAttributes = {
					A08B57E5200D2D7200EB0790 = {
						CreatedOnToolsVersion = 9.2;
						ProvisioningStyle = Automatic;
					};
				};
			};
			buildConfigurationList = A08B57E1200D2D7200EB0790 /* Build configuration list for PBXProject "agge" */;
			compatibilityVersion = "Xcode 8.0";
			developmentRegion = en;
			hasScannedForEncodings = 0;
			knownRegions = (
				en,
			);
			mainGroup = A08B57DD200D2D7200EB0790;
			productRefGroup = A08B57E7200D2D7200EB0790 /* Products */;
			projectDirPath = "";
			projectRoot = "";
			targets = (
				A08B57E5200D2D7200EB0790 /* agge */,
			);
		};
/* End PBXProject section */

/* Begin PBXSourcesBuildPhase section */
		A08B57E2200D2D7200EB0790 /* Sources */ = {
			isa = PBXSourcesBuildPhase;
			buildActionMask = 2147483647;
			files = (
				A08B5807200D2E3400EB0790 /* stroke_features.cpp in Sources */,
				A08B5800200D2E3400EB0790 /* hybrid_event.cpp in Sources */,
				A08B57FE200D2E3400EB0790 /* parallel.cpp in Sources */,
				A08B580D200D2F1400EB0790 /* semaphore.cpp in Sources */,
				A08B5809200D2E3400EB0790 /* dash.cpp in Sources */,
				A08B57FC200D2E3400EB0790 /* vector_rasterizer.cpp in Sources */,
				A08B5802200D2E3400EB0790 /* math.cpp in Sources */,
				A08B5811200D2F4500EB0790 /* thread.cpp in Sources */,
				A08B5812200D2F4500EB0790 /* intrinsic.cpp in Sources */,
				A08B5805200D2E3400EB0790 /* stroke.cpp in Sources */,
				A08B5806200D2E3400EB0790 /* blenders_intel.cpp in Sources */,
				A08B57FF200D2E3400EB0790 /* curves.cpp in Sources */,
				A08B5804200D2E3400EB0790 /* figures.cpp in Sources */,
			);
			runOnlyForDeploymentPostprocessing = 0;
		};
/* End PBXSourcesBuildPhase section */

/* Begin XCBuildConfiguration section */
		A08B57E8200D2D7200EB0790 /* Debug */ = {
			isa = XCBuildConfiguration;
			buildSettings = {
				ALWAYS_SEARCH_USER_PATHS = NO;
				CLANG_ANALYZER_NONNULL = YES;
				CLANG_ANALYZER_NUMBER_OBJECT_CONVERSION = YES_AGGRESSIVE;
				CLANG_CXX_LANGUAGE_STANDARD = "gnu++14";
				CLANG_CXX_LIBRARY = "libc++";
				CLANG_ENABLE_MODULES = YES;
				CLANG_ENABLE_OBJC_ARC = YES;
				CLANG_WARN_BLOCK_CAPTURE_AUTORELEASING = YES;
				CLANG_WARN_BOOL_CONVERSION = YES;
				CLANG_WARN_COMMA = YES;
				CLANG_WARN_CONSTANT_CONVERSION = YES;
				CLANG_WARN_DIRECT_OBJC_ISA_USAGE = YES_ERROR;
				CLANG_WARN_DOCUMENTATION_COMMENTS = YES;
				CLANG_WARN_EMPTY_BODY = YES;
				CLANG_WARN_ENUM_CONVERSION = YES;
				CLANG_WARN_INFINITE_RECURSION = YES;
				CLANG_WARN_INT_CONVERSION = YES;
				CLANG_WARN_NON_LITERAL_NULL_CONVERSION = YES;
				CLANG_WARN_OBJC_LITERAL_CONVERSION = YES;
				CLANG_WARN_OBJC_ROOT_CLASS = YES_ERROR;
				CLANG_WARN_RANGE_LOOP_ANALYSIS = YES;
				CLANG_WARN_STRICT_PROTOTYPES = YES;
				CLANG_WARN_SUSPICIOUS_MOVE = YES;
				CLANG_WARN_UNGUARDED_AVAILABILITY = YES_AGGRESSIVE;
				CLANG_WARN_UNREACHABLE_CODE = YES;
				CLANG_WARN__DUPLICATE_METHOD_MATCH = YES;
				CODE_SIGN_IDENTITY = "-";
				COPY_PHASE_STRIP = NO;
				DEBUG_INFORMATION_FORMAT = dwarf;
				ENABLE_STRICT_OBJC_MSGSEND = YES;
				ENABLE_TESTABILITY = YES;
				GCC_C_LANGUAGE_STANDARD = gnu11;
				GCC_DYNAMIC_NO_PIC = NO;
				GCC_NO_COMMON_BLOCKS = YES;
				GCC_OPTIMIZATION_LEVEL = 0;
				GCC_PREPROCESSOR_DEFINITIONS = (
					"DEBUG=1",
					"$(inherited)",
				);
				GCC_WARN_64_TO_32_BIT_CONVERSION = YES;
				GCC_WARN_ABOUT_RETURN_TYPE = YES_ERROR;
				GCC_WARN_UNDECLARED_SELECTOR = YES;
				GCC_WARN_UNINITIALIZED_AUTOS = YES_AGGRESSIVE;
				GCC_WARN_UNUSED_FUNCTION = YES;
				GCC_WARN_UNUSED_VARIABLE = YES;
				MACOSX_DEPLOYMENT_TARGET = 10.13;
				MTL_ENABLE_DEBUG_INFO = YES;
				ONLY_ACTIVE_ARCH = YES;
				SDKROOT = macosx;
			};
			name = Debug;
		};
		A08B57E9200D2D7200EB0790 /* Release */ = {
			isa = XCBuildConfiguration;
			buildSettings = {
				ALWAYS_SEARCH_USER_PATHS = NO;
				CLANG_ANALYZER_NONNULL = YES;
				CLANG_ANALYZER_NUMBER_OBJECT_CONVERSION = YES_AGGRESSIVE;
				CLANG_CXX_LANGUAGE_STANDARD = "gnu++14";
				CLANG_CXX_LIBRARY = "libc++";
				CLANG_ENABLE_MODULES = YES;
				CLANG_ENABLE_OBJC_ARC = YES;
				CLANG_WARN_BLOCK_CAPTURE_AUTORELEASING = YES;
				CLANG_WARN_BOOL_CONVERSION = YES;
				CLANG_WARN_COMMA = YES;
				CLANG_WARN_CONSTANT_CONVERSION = YES;
				CLANG_WARN_DIRECT_OBJC_ISA_USAGE = YES_ERROR;
				CLANG_WARN_DOCUMENTATION_COMMENTS = YES;
				CLANG_WARN_EMPTY_BODY = YES;
				CLANG_WARN_ENUM_CONVERSION = YES;
				CLANG_WARN_INFINITE_RECURSION = YES;
				CLANG_WARN_INT_CONVERSION = YES;
				CLANG_WARN_NON_LITERAL_NULL_CONVERSION = YES;
				CLANG_WARN_OBJC_LITERAL_CONVERSION = YES;
				CLANG_WARN_OBJC_ROOT_CLASS = YES_ERROR;
				CLANG_WARN_RANGE_LOOP_ANALYSIS = YES;
				CLANG_WARN_STRICT_PROTOTYPES = YES;
				CLANG_WARN_SUSPICIOUS_MOVE = YES;
				CLANG_WARN_UNGUARDED_AVAILABILITY = YES_AGGRESSIVE;
				CLANG_WARN_UNREACHABLE_CODE = YES;
				CLANG_WARN__DUPLICATE_METHOD_MATCH = YES;
				CODE_SIGN_IDENTITY = "-";
				COPY_PHASE_STRIP = NO;
				DEBUG_INFORMATION_FORMAT = "dwarf-with-dsym";
				ENABLE_NS_ASSERTIONS = NO;
				ENABLE_STRICT_OBJC_MSGSEND = YES;
				GCC_C_LANGUAGE_STANDARD = gnu11;
				GCC_NO_COMMON_BLOCKS = YES;
				GCC_WARN_64_TO_32_BIT_CONVERSION = YES;
				GCC_WARN_ABOUT_RETURN_TYPE = YES_ERROR;
				GCC_WARN_UNDECLARED_SELECTOR = YES;
				GCC_WARN_UNINITIALIZED_AUTOS = YES_AGGRESSIVE;
				GCC_WARN_UNUSED_FUNCTION = YES;
				GCC_WARN_UNUSED_VARIABLE = YES;
				MACOSX_DEPLOYMENT_TARGET = 10.13;
				MTL_ENABLE_DEBUG_INFO = NO;
				SDKROOT = macosx;
			};
			name = Release;
		};
		A08B57EB200D2D7200EB0790 /* Debug */ = {
			isa = XCBuildConfiguration;
			buildSettings = {
				CLANG_WARN_COMMA = NO;
				CODE_SIGN_STYLE = Automatic;
				EXECUTABLE_PREFIX = lib;
				HEADER_SEARCH_PATHS = ../..;
				PRODUCT_NAME = "$(TARGET_NAME)";
				USE_HEADERMAP = NO;
			};
			name = Debug;
		};
		A08B57EC200D2D7200EB0790 /* Release */ = {
			isa = XCBuildConfiguration;
			buildSettings = {
				CLANG_WARN_COMMA = NO;
				CODE_SIGN_STYLE = Automatic;
				EXECUTABLE_PREFIX = lib;
				HEADER_SEARCH_PATHS = ../..;
				PRODUCT_NAME = "$(TARGET_NAME)";
				USE_HEADERMAP = NO;
			};
			name = Release;
		};
/* End XCBuildConfiguration section */

/* Begin XCConfigurationList section */
		A08B57E1200D2D7200EB0790 /* Build configuration list for PBXProject "agge" */ = {
			isa = XCConfigurationList;
			buildConfigurations = (
				A08B57E8200D2D7200EB0790 /* Debug */,
				A08B57E9200D2D7200EB0790 /* Release */,
			);
			defaultConfigurationIsVisible = 0;
			defaultConfigurationName = Release;
		};
		A08B57EA200D2D7200EB0790 /* Build configuration list for PBXNativeTarget "agge" */ = {
			isa = XCConfigurationList;
			buildConfigurations = (
				A08B57EB200D2D7200EB0790 /* Debug */,
				A08B57EC200D2D7200EB0790 /* Release */,
			);
			defaultConfigurationIsVisible = 0;
			defaultConfigurationName = Release;
		};
/* End XCConfigurationList section */
	};
	rootObject = A08B57DE200D2D7200EB0790 /* Project object */;
}
