<?xml version="1.0" encoding="utf-8"?>
<Project ToolsVersion="4.0" xmlns="http://schemas.microsoft.com/developer/msbuild/2003">
  <ItemGroup>
    <ClCompile Include="main.cpp" />
    <ClCompile Include="..\common\MainDialog.cpp">
      <Filter>common</Filter>
    </ClCompile>
    <ClCompile Include="..\common\timing.cpp">
      <Filter>common</Filter>
    </ClCompile>
    <ClCompile Include="font.cpp" />
  </ItemGroup>
  <ItemGroup>
    <ClInclude Include="text.h" />
    <ClInclude Include="..\common\MainDialog.h">
      <Filter>common</Filter>
    </ClInclude>
    <ClInclude Include="..\common\timing.h">
      <Filter>common</Filter>
    </ClInclude>
    <ClInclude Include="font.h" />
  </ItemGroup>
  <ItemGroup>
    <Filter Include="common">
      <UniqueIdentifier>{e9513e4c-7559-4f4d-814c-1a597c9e2065}</UniqueIdentifier>
    </Filter>
  </ItemGroup>
</Project>