
Microsoft Visual Studio Solution File, Format Version 10.00
# Visual Studio 2008
Project("{2150E333-8FDC-42A3-9474-1A3956D46DE8}") = "tests", "tests", "{33B2BE07-29E7-4FA3-BD1E-B602AB81B30C}"
EndProject
Project("{8BC9CEB8-8B4A-11D0-8D11-00A0C91BC942}") = "agge", "..\src\agge\agge.vcproj", "{57FBC384-0804-406F-B0F6-E1B3B5E1FFA2}"
EndProject
Project("{8BC9CEB8-8B4A-11D0-8D11-00A0C91BC942}") = "agge.tests", "..\tests\agge\agge.tests.vcproj", "{B3315418-4D30-4931-9424-E984483042F9}"
EndProject
Project("{2150E333-8FDC-42A3-9474-1A3956D46DE8}") = "libraries", "libraries", "{59AB064E-57B6-4CA6-A928-B66140337CC7}"
EndProject
Project("{8BC9CEB8-8B4A-11D0-8D11-00A0C91BC942}") = "utee", "..\libraries\utee\make\utee.v90.vcproj", "{4DB73ACE-2D47-4A6C-8213-2BE191DD921F}"
EndProject
Project("{8BC9CEB8-8B4A-11D0-8D11-00A0C91BC942}") = "agge.text.tests", "..\tests\agge.text\agge.text.tests.vcproj", "{C7C02621-D9D8-4ECE-BD93-A7393F02532E}"
EndProject
Project("{8BC9CEB8-8B4A-11D0-8D11-00A0C91BC942}") = "agge.text", "..\src\agge.text\agge.text.vcproj", "{85898FAE-4EEA-4EB7-A719-48BA960CE380}"
EndProject
Global
	GlobalSection(SolutionConfigurationPlatforms) = preSolution
		Debug|Win32 = Debug|Win32
		Debug|x64 = Debug|x64
		Release|Win32 = Release|Win32
		Release|x64 = Release|x64
	EndGlobalSection
	GlobalSection(ProjectConfigurationPlatforms) = postSolution
		{57FBC384-0804-406F-B0F6-E1B3B5E1FFA2}.Debug|Win32.ActiveCfg = Debug|Win32
		{57FBC384-0804-406F-B0F6-E1B3B5E1FFA2}.Debug|Win32.Build.0 = Debug|Win32
		{57FBC384-0804-406F-B0F6-E1B3B5E1FFA2}.Debug|x64.ActiveCfg = Debug|x64
		{57FBC384-0804-406F-B0F6-E1B3B5E1FFA2}.Debug|x64.Build.0 = Debug|x64
		{57FBC384-0804-406F-B0F6-E1B3B5E1FFA2}.Release|Win32.ActiveCfg = Release|Win32
		{57FBC384-0804-406F-B0F6-E1B3B5E1FFA2}.Release|Win32.Build.0 = Release|Win32
		{57FBC384-0804-406F-B0F6-E1B3B5E1FFA2}.Release|x64.ActiveCfg = Release|x64
		{57FBC384-0804-406F-B0F6-E1B3B5E1FFA2}.Release|x64.Build.0 = Release|x64
		{B3315418-4D30-4931-9424-E984483042F9}.Debug|Win32.ActiveCfg = Debug|Win32
		{B3315418-4D30-4931-9424-E984483042F9}.Debug|Win32.Build.0 = Debug|Win32
		{B3315418-4D30-4931-9424-E984483042F9}.Debug|x64.ActiveCfg = Debug|x64
		{B3315418-4D30-4931-9424-E984483042F9}.Debug|x64.Build.0 = Debug|x64
		{B3315418-4D30-4931-9424-E984483042F9}.Release|Win32.ActiveCfg = Release|Win32
		{B3315418-4D30-4931-9424-E984483042F9}.Release|Win32.Build.0 = Release|Win32
		{B3315418-4D30-4931-9424-E984483042F9}.Release|x64.ActiveCfg = Release|x64
		{B3315418-4D30-4931-9424-E984483042F9}.Release|x64.Build.0 = Release|x64
		{4DB73ACE-2D47-4A6C-8213-2BE191DD921F}.Debug|Win32.ActiveCfg = Debug|Win32
		{4DB73ACE-2D47-4A6C-8213-2BE191DD921F}.Debug|Win32.Build.0 = Debug|Win32
		{4DB73ACE-2D47-4A6C-8213-2BE191DD921F}.Debug|x64.ActiveCfg = Debug|Win32
		{4DB73ACE-2D47-4A6C-8213-2BE191DD921F}.Release|Win32.ActiveCfg = Release|Win32
		{4DB73ACE-2D47-4A6C-8213-2BE191DD921F}.Release|Win32.Build.0 = Release|Win32
		{4DB73ACE-2D47-4A6C-8213-2BE191DD921F}.Release|x64.ActiveCfg = Release|Win32
		{C7C02621-D9D8-4ECE-BD93-A7393F02532E}.Debug|Win32.ActiveCfg = Debug|Win32
		{C7C02621-D9D8-4ECE-BD93-A7393F02532E}.Debug|Win32.Build.0 = Debug|Win32
		{C7C02621-D9D8-4ECE-BD93-A7393F02532E}.Debug|x64.ActiveCfg = Debug|x64
		{C7C02621-D9D8-4ECE-BD93-A7393F02532E}.Debug|x64.Build.0 = Debug|x64
		{C7C02621-D9D8-4ECE-BD93-A7393F02532E}.Release|Win32.ActiveCfg = Release|Win32
		{C7C02621-D9D8-4ECE-BD93-A7393F02532E}.Release|Win32.Build.0 = Release|Win32
		{C7C02621-D9D8-4ECE-BD93-A7393F02532E}.Release|x64.ActiveCfg = Release|x64
		{C7C02621-D9D8-4ECE-BD93-A7393F02532E}.Release|x64.Build.0 = Release|x64
		{85898FAE-4EEA-4EB7-A719-48BA960CE380}.Debug|Win32.ActiveCfg = Debug|Win32
		{85898FAE-4EEA-4EB7-A719-48BA960CE380}.Debug|Win32.Build.0 = Debug|Win32
		{85898FAE-4EEA-4EB7-A719-48BA960CE380}.Debug|x64.ActiveCfg = Debug|x64
		{85898FAE-4EEA-4EB7-A719-48BA960CE380}.Debug|x64.Build.0 = Debug|x64
		{85898FAE-4EEA-4EB7-A719-48BA960CE380}.Release|Win32.ActiveCfg = Release|Win32
		{85898FAE-4EEA-4EB7-A719-48BA960CE380}.Release|Win32.Build.0 = Release|Win32
		{85898FAE-4EEA-4EB7-A719-48BA960CE380}.Release|x64.ActiveCfg = Release|x64
		{85898FAE-4EEA-4EB7-A719-48BA960CE380}.Release|x64.Build.0 = Release|x64
	EndGlobalSection
	GlobalSection(SolutionProperties) = preSolution
		HideSolutionNode = FALSE
	EndGlobalSection
	GlobalSection(NestedProjects) = preSolution
		{B3315418-4D30-4931-9424-E984483042F9} = {33B2BE07-29E7-4FA3-BD1E-B602AB81B30C}
		{C7C02621-D9D8-4ECE-BD93-A7393F02532E} = {33B2BE07-29E7-4FA3-BD1E-B602AB81B30C}
		{4DB73ACE-2D47-4A6C-8213-2BE191DD921F} = {59AB064E-57B6-4CA6-A928-B66140337CC7}
	EndGlobalSection
EndGlobal
