<?xml version="1.0" encoding="utf-8"?>
<Project ToolsVersion="4.0" xmlns="http://schemas.microsoft.com/developer/msbuild/2003">
  <ItemGroup>
    <Filter Include="src">
      <UniqueIdentifier>{d0569dc8-c0fe-4eb8-9e86-2b32825b0d68}</UniqueIdentifier>
    </Filter>
  </ItemGroup>
  <ItemGroup>
    <ClCompile Include="vector_rasterizer.cpp">
      <Filter>src</Filter>
    </ClCompile>
    <ClCompile Include="blenders_intel.cpp">
      <Filter>src</Filter>
    </ClCompile>
    <ClCompile Include="parallel.cpp">
      <Filter>src</Filter>
    </ClCompile>
  </ItemGroup>
  <ItemGroup>
    <ClInclude Include="..\agge\vector_rasterizer.h" />
    <ClInclude Include="..\agge\rasterizer.h" />
    <ClInclude Include="..\agge\renderer.h" />
    <ClInclude Include="..\agge\blenders_simd.h" />
    <ClInclude Include="..\agge\types.h" />
    <ClInclude Include="..\agge\config.h" />
    <ClInclude Include="..\agge\scanline.h" />
    <ClInclude Include="..\agge\parallel.h" />
  </ItemGroup>
</Project>